PODS:
  - Alamofire (3.3.1)
  - Barracks (0.0.1):
    - Alamofire (~> 3.3)
  - OHHTTPStubs (5.0.0):
    - OHHTTPStubs/Default (= 5.0.0)
  - OHHTTPStubs/Core (5.0.0)
  - OHHTTPStubs/Default (5.0.0):
    - OHHTTPStubs/Core
    - OHHTTPStubs/JSON
    - OHHTTPStubs/NSURLSession
    - OHHTTPStubs/OHPathHelpers
  - OHHTTPStubs/JSON (5.0.0):
    - OHHTTPStubs/Core
  - OHHTTPStubs/NSURLSession (5.0.0):
    - OHHTTPStubs/Core
  - OHHTTPStubs/OHPathHelpers (5.0.0)
  - OHHTTPStubs/Swift (5.0.0):
    - OHHTTPStubs/Core

DEPENDENCIES:
  - Alamofire (~> 3.3)
  - Barracks (from `./`)
  - OHHTTPStubs
  - OHHTTPStubs/Swift

EXTERNAL SOURCES:
  Barracks:
    :path: ./

SPEC CHECKSUMS:
  Alamofire: 369bc67b6f5ac33ded3648d7bd21c5bfb91c2ecc
  Barracks: fa348af33f6619d030ca6c608fb7a517a71c68d0
  OHHTTPStubs: a5d2e9eea07869d42ec03338325f398bc520e159

PODFILE CHECKSUM: f70c82366b0c6a519f9c4183af644aacc670a71f

COCOAPODS: 1.0.0.beta.6
