PODS:
  - Alamofire (3.4.0)
  - Barracks (0.0.1):
    - Alamofire (~> 3.3)
    - IDZSwiftCommonCrypto (~> 0.7.1)
  - IDZSwiftCommonCrypto (0.7.1)
  - OHHTTPStubs (5.0.0):
    - OHHTTPStubs/Default (= 5.0.0)
  - OHHTTPStubs/Core (5.0.0)
  - OHHTTPStubs/Default (5.0.0):
    - OHHTTPStubs/Core
    - OHHTTPStubs/JSON
    - OHHTTPStubs/NSURLSession
    - OHHTTPStubs/OHPathHelpers
  - OHHTTPStubs/JSON (5.0.0):
    - OHHTTPStubs/Core
  - OHHTTPStubs/NSURLSession (5.0.0):
    - OHHTTPStubs/Core
  - OHHTTPStubs/OHPathHelpers (5.0.0)
  - OHHTTPStubs/Swift (5.0.0):
    - OHHTTPStubs/Core

DEPENDENCIES:
  - Alamofire (~> 3.3)
  - Barracks (from `./`)
  - IDZSwiftCommonCrypto (~> 0.7.1)
  - OHHTTPStubs
  - OHHTTPStubs/Swift

EXTERNAL SOURCES:
  Barracks:
    :path: ./

SPEC CHECKSUMS:
  Alamofire: c19a627cefd6a95f840401c49ab1f124e07f54ee
  Barracks: 85eae868bfaca72f315c10f351560f8dc2253b1c
  IDZSwiftCommonCrypto: 320d5d0254b3d5230004bb01ef7753b0777d916c
  OHHTTPStubs: a5d2e9eea07869d42ec03338325f398bc520e159

PODFILE CHECKSUM: f0db339835b2bd34367d4639a1f488b9db3f5ddb

COCOAPODS: 1.0.1
