PODS:
  - Alamofire (4.0.1)
  - Barracks (1.1.0):
    - Alamofire (~> 4.0.0)
    - CryptoSwift (~> 0.6.0)
  - CryptoSwift (0.6.0)
  - OHHTTPStubs (5.2.1):
    - OHHTTPStubs/Default (= 5.2.1)
  - OHHTTPStubs/Core (5.2.1)
  - OHHTTPStubs/Default (5.2.1):
    - OHHTTPStubs/Core
    - OHHTTPStubs/JSON
    - OHHTTPStubs/NSURLSession
    - OHHTTPStubs/OHPathHelpers
  - OHHTTPStubs/JSON (5.2.1):
    - OHHTTPStubs/Core
  - OHHTTPStubs/NSURLSession (5.2.1):
    - OHHTTPStubs/Core
  - OHHTTPStubs/OHPathHelpers (5.2.1)
  - OHHTTPStubs/Swift (5.2.1):
    - OHHTTPStubs/Core

DEPENDENCIES:
  - Alamofire (~> 4.0.0)
  - Barracks (from `./`)
  - CryptoSwift (~> 0.6.0)
  - OHHTTPStubs
  - OHHTTPStubs/Swift

EXTERNAL SOURCES:
  Barracks:
    :path: ./

SPEC CHECKSUMS:
  Alamofire: 7682d43245de14874acd142ec137b144aa1dd335
  Barracks: 5b2a8e490627476ace8c9c6e3f112c79c0e63843
  CryptoSwift: 4a599b7241b8d3b857d6e2c28867d0bd5d1aae24
  OHHTTPStubs: 3a42f25c00563b71355ac73112ba2324e9e6cef4

PODFILE CHECKSUM: 8b4fe733cd548219f9523f4846fed7a74a9c6b4c

COCOAPODS: 1.1.1
