// !$*UTF8*$!
{
	archiveVersion = 1;
	classes = {
	};
	objectVersion = 46;
	objects = {

/* Begin PBXBuildFile section */
		1A57C7FE14D3ECDB01D95C88 /* Pods_Barracks_OSX.framework in Frameworks */ = {isa = PBXBuildFile; fileRef = 6C984A4CB2C1C74DD86BE225 /* Pods_Barracks_OSX.framework */; };
		2567067140A7679BD56D8D2A /* Pods_Barracks_iOS_Barracks_iOS_Tests.framework in Frameworks */ = {isa = PBXBuildFile; fileRef = 66386FA21CD0C441D5784BF7 /* Pods_Barracks_iOS_Barracks_iOS_Tests.framework */; };
		33DD7AE3EB1C70EE12424FF5 /* Pods_Barracks_iOS.framework in Frameworks */ = {isa = PBXBuildFile; fileRef = 4C7E099530F3D606421A4C2F /* Pods_Barracks_iOS.framework */; };
		39090CEC1CBEA17C006FA104 /* Barracks.framework in Frameworks */ = {isa = PBXBuildFile; fileRef = 39090CE11CBEA17C006FA104 /* Barracks.framework */; };
		39090D5C1CBEC3FE006FA104 /* Podfile in Resources */ = {isa = PBXBuildFile; fileRef = 39090D5B1CBEC3FE006FA104 /* Podfile */; };
		39139F421CE3C15900E546B7 /* Download.swift in Sources */ = {isa = PBXBuildFile; fileRef = 39139F331CE3C0DE00E546B7 /* Download.swift */; };
		39139F431CE3C15E00E546B7 /* Download.swift in Sources */ = {isa = PBXBuildFile; fileRef = 39139F331CE3C0DE00E546B7 /* Download.swift */; };
		3967297C1CC57D090099D71C /* Barracks.framework in Frameworks */ = {isa = PBXBuildFile; fileRef = 39090CFE1CBEA1A5006FA104 /* Barracks.framework */; };
		39BB42AD1CBF071400AAF5C9 /* Barracks.podspec in Resources */ = {isa = PBXBuildFile; fileRef = 39BB42AC1CBF071400AAF5C9 /* Barracks.podspec */; };
		39C3A1891CC578CF004E8725 /* Barracks.podspec in Resources */ = {isa = PBXBuildFile; fileRef = 39BB42AC1CBF071400AAF5C9 /* Barracks.podspec */; };
		39C3A18A1CC578CF004E8725 /* Podfile in Resources */ = {isa = PBXBuildFile; fileRef = 39090D5B1CBEC3FE006FA104 /* Podfile */; };
		39D1DB691CE23AEB0040A04B /* Barracks.h in Headers */ = {isa = PBXBuildFile; fileRef = 39D1DB671CE23AEB0040A04B /* Barracks.h */; settings = {ATTRIBUTES = (Public, ); }; };
		39D1DB6D1CE23AF50040A04B /* firmware.jpg in Resources */ = {isa = PBXBuildFile; fileRef = 39D1DB6B1CE23AF50040A04B /* firmware.jpg */; };
		39D1DB6E1CE23AF50040A04B /* update_check_response_success.json in Resources */ = {isa = PBXBuildFile; fileRef = 39D1DB6C1CE23AF50040A04B /* update_check_response_success.json */; };
		39D1DB811CE23B320040A04B /* BarracksClient.swift in Sources */ = {isa = PBXBuildFile; fileRef = 39D1DB711CE23B160040A04B /* BarracksClient.swift */; };
		39D1DB821CE23B320040A04B /* CheckUpdate.swift in Sources */ = {isa = PBXBuildFile; fileRef = 39D1DB721CE23B160040A04B /* CheckUpdate.swift */; };
		39D1DB831CE23B320040A04B /* DownloadPackage.swift in Sources */ = {isa = PBXBuildFile; fileRef = 39D1DB731CE23B160040A04B /* DownloadPackage.swift */; };
		39D1DB841CE23B320040A04B /* PackageDownloadCallback.swift in Sources */ = {isa = PBXBuildFile; fileRef = 39D1DB741CE23B160040A04B /* PackageDownloadCallback.swift */; };
		39D1DB851CE23B320040A04B /* PackageInfo.swift in Sources */ = {isa = PBXBuildFile; fileRef = 39D1DB751CE23B160040A04B /* PackageInfo.swift */; };
		39D1DB861CE23B320040A04B /* UpdateCheckCallback.swift in Sources */ = {isa = PBXBuildFile; fileRef = 39D1DB761CE23B160040A04B /* UpdateCheckCallback.swift */; };
		39D1DB871CE23B320040A04B /* UpdateCheckRequest.swift in Sources */ = {isa = PBXBuildFile; fileRef = 39D1DB771CE23B160040A04B /* UpdateCheckRequest.swift */; };
		39D1DB881CE23B320040A04B /* UpdateCheckResponse.swift in Sources */ = {isa = PBXBuildFile; fileRef = 39D1DB781CE23B160040A04B /* UpdateCheckResponse.swift */; };
		39D1DB8C1CE23D800040A04B /* UpdateCheck.swift in Sources */ = {isa = PBXBuildFile; fileRef = 39D1DB6F1CE23B080040A04B /* UpdateCheck.swift */; };
		39D1DB961CE23D840040A04B /* UpdateCheck.swift in Sources */ = {isa = PBXBuildFile; fileRef = 39D1DB6F1CE23B080040A04B /* UpdateCheck.swift */; };
		39D1DBA41CE23E720040A04B /* Barracks.h in Headers */ = {isa = PBXBuildFile; fileRef = 39D1DB671CE23AEB0040A04B /* Barracks.h */; settings = {ATTRIBUTES = (Public, ); }; };
		39D1DBA51CE24D6C0040A04B /* BarracksClient.swift in Sources */ = {isa = PBXBuildFile; fileRef = 39D1DB711CE23B160040A04B /* BarracksClient.swift */; };
		39D1DBA61CE24D6C0040A04B /* CheckUpdate.swift in Sources */ = {isa = PBXBuildFile; fileRef = 39D1DB721CE23B160040A04B /* CheckUpdate.swift */; };
		39D1DBA71CE24D6C0040A04B /* DownloadPackage.swift in Sources */ = {isa = PBXBuildFile; fileRef = 39D1DB731CE23B160040A04B /* DownloadPackage.swift */; };
		39D1DBA81CE24D6C0040A04B /* PackageDownloadCallback.swift in Sources */ = {isa = PBXBuildFile; fileRef = 39D1DB741CE23B160040A04B /* PackageDownloadCallback.swift */; };
		39D1DBA91CE24D6C0040A04B /* PackageInfo.swift in Sources */ = {isa = PBXBuildFile; fileRef = 39D1DB751CE23B160040A04B /* PackageInfo.swift */; };
		39D1DBAA1CE24D6C0040A04B /* UpdateCheckCallback.swift in Sources */ = {isa = PBXBuildFile; fileRef = 39D1DB761CE23B160040A04B /* UpdateCheckCallback.swift */; };
		39D1DBAB1CE24D6C0040A04B /* UpdateCheckRequest.swift in Sources */ = {isa = PBXBuildFile; fileRef = 39D1DB771CE23B160040A04B /* UpdateCheckRequest.swift */; };
		39D1DBAC1CE24D6C0040A04B /* UpdateCheckResponse.swift in Sources */ = {isa = PBXBuildFile; fileRef = 39D1DB781CE23B160040A04B /* UpdateCheckResponse.swift */; };
		39D1DBAD1CE24DA00040A04B /* firmware.jpg in Resources */ = {isa = PBXBuildFile; fileRef = 39D1DB6B1CE23AF50040A04B /* firmware.jpg */; };
		39D1DBAE1CE24DA00040A04B /* update_check_response_success.json in Resources */ = {isa = PBXBuildFile; fileRef = 39D1DB6C1CE23AF50040A04B /* update_check_response_success.json */; };
		39D1DBAF1CE24DA60040A04B /* firmware.jpg in Resources */ = {isa = PBXBuildFile; fileRef = 39D1DB6B1CE23AF50040A04B /* firmware.jpg */; };
		39D1DBB01CE24DA60040A04B /* update_check_response_success.json in Resources */ = {isa = PBXBuildFile; fileRef = 39D1DB6C1CE23AF50040A04B /* update_check_response_success.json */; };
		4347FEB0F540676B46A17156 /* Pods_Barracks_OSX_Barracks_OSX_Tests.framework in Frameworks */ = {isa = PBXBuildFile; fileRef = B14A51F2C644D97BF9FF5114 /* Pods_Barracks_OSX_Barracks_OSX_Tests.framework */; };
/* End PBXBuildFile section */

/* Begin PBXContainerItemProxy section */
		39090CED1CBEA17C006FA104 /* PBXContainerItemProxy */ = {
			isa = PBXContainerItemProxy;
			containerPortal = 39090CD61CBEA12F006FA104 /* Project object */;
			proxyType = 1;
			remoteGlobalIDString = 39090CE01CBEA17C006FA104;
			remoteInfo = "Barracks iOS";
		};
		390B060E1CE24F0600CF166C /* PBXContainerItemProxy */ = {
			isa = PBXContainerItemProxy;
			containerPortal = 399813511CC41E2D000AF010 /* Pods.xcodeproj */;
			proxyType = 2;
			remoteGlobalIDString = 8602841C321DEE1DB0879D33A363EBF0;
			remoteInfo = "Pods-Barracks iOS-Barracks iOS Tests";
		};
		3967297D1CC57D090099D71C /* PBXContainerItemProxy */ = {
			isa = PBXContainerItemProxy;
			containerPortal = 39090CD61CBEA12F006FA104 /* Project object */;
			proxyType = 1;
			remoteGlobalIDString = 39090CFD1CBEA1A5006FA104;
			remoteInfo = "Barracks OSX";
		};
		396729B11CC6DE730099D71C /* PBXContainerItemProxy */ = {
			isa = PBXContainerItemProxy;
			containerPortal = 399813511CC41E2D000AF010 /* Pods.xcodeproj */;
			proxyType = 2;
			remoteGlobalIDString = CD90AC301E1F943BB53157E71281B2AD;
			remoteInfo = "Pods-OSXExample";
		};
		396E36241CE24E84002C4966 /* PBXContainerItemProxy */ = {
			isa = PBXContainerItemProxy;
			containerPortal = 399813511CC41E2D000AF010 /* Pods.xcodeproj */;
			proxyType = 2;
			remoteGlobalIDString = 6160339576B2B70C46DAC0ACEF5D8445;
			remoteInfo = "Pods-Barracks OSX-Barracks OSX Tests";
		};
		398FC4D51CE23E1000709F34 /* PBXContainerItemProxy */ = {
			isa = PBXContainerItemProxy;
			containerPortal = 399813511CC41E2D000AF010 /* Pods.xcodeproj */;
			proxyType = 2;
			remoteGlobalIDString = BA8D074269666E05752CA9AAD7D3FEED;
			remoteInfo = Barracks;
		};
		39975F2D1DAEAD8B00F39850 /* PBXContainerItemProxy */ = {
			isa = PBXContainerItemProxy;
			containerPortal = 399813511CC41E2D000AF010 /* Pods.xcodeproj */;
			proxyType = 2;
			remoteGlobalIDString = 5B707328E6DCDC2637B70C28F99E11FD;
			remoteInfo = "CryptoSwift-iOS";
		};
		399813581CC41E2D000AF010 /* PBXContainerItemProxy */ = {
			isa = PBXContainerItemProxy;
			containerPortal = 399813511CC41E2D000AF010 /* Pods.xcodeproj */;
			proxyType = 2;
			remoteGlobalIDString = 77E8C611A5D0D109B922B6C0B5BE8BE8;
			remoteInfo = "Alamofire-iOS";
		};
		3998135C1CC41E2D000AF010 /* PBXContainerItemProxy */ = {
			isa = PBXContainerItemProxy;
			containerPortal = 399813511CC41E2D000AF010 /* Pods.xcodeproj */;
			proxyType = 2;
			remoteGlobalIDString = 591C14A6964E3EC0CB2004FD0A925CD6;
			remoteInfo = "Pods-Barracks iOS";
		};
		3998135E1CC41E2D000AF010 /* PBXContainerItemProxy */ = {
			isa = PBXContainerItemProxy;
			containerPortal = 399813511CC41E2D000AF010 /* Pods.xcodeproj */;
			proxyType = 2;
			remoteGlobalIDString = 8EF2FBFBFA0F01244CC28E2865A83BEC;
			remoteInfo = "Pods-Barracks OSX";
		};
		399813771CC55A0F000AF010 /* PBXContainerItemProxy */ = {
			isa = PBXContainerItemProxy;
			containerPortal = 399813511CC41E2D000AF010 /* Pods.xcodeproj */;
			proxyType = 2;
			remoteGlobalIDString = B22234106C5399FFA9343F0B69B271E7;
			remoteInfo = "OHHTTPStubs-iOS";
		};
		BF7495911FABBEC600EB1594 /* PBXContainerItemProxy */ = {
			isa = PBXContainerItemProxy;
			containerPortal = 399813511CC41E2D000AF010 /* Pods.xcodeproj */;
			proxyType = 2;
			remoteGlobalIDString = F114E314B64FC9E438272F95A50FFFE5;
			remoteInfo = "Alamofire-macOS";
		};
		BF7495931FABBEC600EB1594 /* PBXContainerItemProxy */ = {
			isa = PBXContainerItemProxy;
			containerPortal = 399813511CC41E2D000AF010 /* Pods.xcodeproj */;
			proxyType = 2;
			remoteGlobalIDString = B53D3D2B6EEF9B05D244B490E0EF85EA;
			remoteInfo = "CryptoSwift-macOS";
		};
		BF7495951FABBEC600EB1594 /* PBXContainerItemProxy */ = {
			isa = PBXContainerItemProxy;
			containerPortal = 399813511CC41E2D000AF010 /* Pods.xcodeproj */;
			proxyType = 2;
			remoteGlobalIDString = F7341C5BC4ABF618AF1FABCD7813C37B;
			remoteInfo = "OHHTTPStubs-macOS";
		};
/* End PBXContainerItemProxy section */

/* Begin PBXCopyFilesBuildPhase section */
		3967298F1CC5821A0099D71C /* CopyFiles */ = {
			isa = PBXCopyFilesBuildPhase;
			buildActionMask = 2147483647;
			dstPath = "";
			dstSubfolderSpec = 10;
			files = (
			);
			runOnlyForDeploymentPostprocessing = 0;
		};
/* End PBXCopyFilesBuildPhase section */

/* Begin PBXFileReference section */
		0126B6C204A087C694777392 /* Pods-Barracks iOS-Barracks iOS Tests.release.xcconfig */ = {isa = PBXFileReference; includeInIndex = 1; lastKnownFileType = text.xcconfig; name = "Pods-Barracks iOS-Barracks iOS Tests.release.xcconfig"; path = "Pods/Target Support Files/Pods-Barracks iOS-Barracks iOS Tests/Pods-Barracks iOS-Barracks iOS Tests.release.xcconfig"; sourceTree = "<group>"; };
		07A5FA3DCD4E4EDD7F86BF43 /* Pods-Barracks iOS.debug.xcconfig */ = {isa = PBXFileReference; includeInIndex = 1; lastKnownFileType = text.xcconfig; name = "Pods-Barracks iOS.debug.xcconfig"; path = "Pods/Target Support Files/Pods-Barracks iOS/Pods-Barracks iOS.debug.xcconfig"; sourceTree = "<group>"; };
		39090CE11CBEA17C006FA104 /* Barracks.framework */ = {isa = PBXFileReference; explicitFileType = wrapper.framework; includeInIndex = 0; path = Barracks.framework; sourceTree = BUILT_PRODUCTS_DIR; };
		39090CEB1CBEA17C006FA104 /* Barracks iOS Tests.xctest */ = {isa = PBXFileReference; explicitFileType = wrapper.cfbundle; includeInIndex = 0; path = "Barracks iOS Tests.xctest"; sourceTree = BUILT_PRODUCTS_DIR; };
		39090CFE1CBEA1A5006FA104 /* Barracks.framework */ = {isa = PBXFileReference; explicitFileType = wrapper.framework; includeInIndex = 0; path = Barracks.framework; sourceTree = BUILT_PRODUCTS_DIR; };
		39090D5B1CBEC3FE006FA104 /* Podfile */ = {isa = PBXFileReference; fileEncoding = 4; lastKnownFileType = text; path = Podfile; sourceTree = "<group>"; xcLanguageSpecificationIdentifier = xcode.lang.ruby; };
		39139F331CE3C0DE00E546B7 /* Download.swift */ = {isa = PBXFileReference; fileEncoding = 4; lastKnownFileType = sourcecode.swift; name = Download.swift; path = Client/Tests/Download.swift; sourceTree = "<group>"; };
		394DC53D1CC4041600009168 /* Alamofire.framework */ = {isa = PBXFileReference; lastKnownFileType = wrapper.framework; name = Alamofire.framework; path = "../../../Library/Developer/Xcode/DerivedData/BarracksClient-ekwgxcshjqooychbevgwjpvyezku/Build/Products/Debug/Alamofire-OSX/Alamofire.framework"; sourceTree = "<group>"; };
		396729771CC57D090099D71C /* Barracks OSX Tests.xctest */ = {isa = PBXFileReference; explicitFileType = wrapper.cfbundle; includeInIndex = 0; path = "Barracks OSX Tests.xctest"; sourceTree = BUILT_PRODUCTS_DIR; };
		399813511CC41E2D000AF010 /* Pods.xcodeproj */ = {isa = PBXFileReference; lastKnownFileType = "wrapper.pb-project"; name = Pods.xcodeproj; path = Pods/Pods.xcodeproj; sourceTree = "<group>"; };
		39BB42AC1CBF071400AAF5C9 /* Barracks.podspec */ = {isa = PBXFileReference; fileEncoding = 4; lastKnownFileType = text; path = Barracks.podspec; sourceTree = "<group>"; };
		39D1DB671CE23AEB0040A04B /* Barracks.h */ = {isa = PBXFileReference; fileEncoding = 4; lastKnownFileType = sourcecode.c.h; name = Barracks.h; path = "Client/Supporting Files/Barracks.h"; sourceTree = "<group>"; };
		39D1DB681CE23AEB0040A04B /* Info.plist */ = {isa = PBXFileReference; fileEncoding = 4; lastKnownFileType = text.plist.xml; name = Info.plist; path = "Client/Supporting Files/Info.plist"; sourceTree = "<group>"; };
		39D1DB6B1CE23AF50040A04B /* firmware.jpg */ = {isa = PBXFileReference; lastKnownFileType = image.jpeg; name = firmware.jpg; path = Client/Tests/Stubs/firmware.jpg; sourceTree = "<group>"; };
		39D1DB6C1CE23AF50040A04B /* update_check_response_success.json */ = {isa = PBXFileReference; fileEncoding = 4; lastKnownFileType = text.json; name = update_check_response_success.json; path = Client/Tests/Stubs/update_check_response_success.json; sourceTree = "<group>"; };
		39D1DB6F1CE23B080040A04B /* UpdateCheck.swift */ = {isa = PBXFileReference; fileEncoding = 4; lastKnownFileType = sourcecode.swift; name = UpdateCheck.swift; path = Client/Tests/UpdateCheck.swift; sourceTree = "<group>"; };
		39D1DB711CE23B160040A04B /* BarracksClient.swift */ = {isa = PBXFileReference; fileEncoding = 4; lastKnownFileType = sourcecode.swift; name = BarracksClient.swift; path = Client/Source/BarracksClient.swift; sourceTree = "<group>"; };
		39D1DB721CE23B160040A04B /* CheckUpdate.swift */ = {isa = PBXFileReference; fileEncoding = 4; lastKnownFileType = sourcecode.swift; name = CheckUpdate.swift; path = Client/Source/CheckUpdate.swift; sourceTree = "<group>"; };
		39D1DB731CE23B160040A04B /* DownloadPackage.swift */ = {isa = PBXFileReference; fileEncoding = 4; lastKnownFileType = sourcecode.swift; name = DownloadPackage.swift; path = Client/Source/DownloadPackage.swift; sourceTree = "<group>"; };
		39D1DB741CE23B160040A04B /* PackageDownloadCallback.swift */ = {isa = PBXFileReference; fileEncoding = 4; lastKnownFileType = sourcecode.swift; name = PackageDownloadCallback.swift; path = Client/Source/PackageDownloadCallback.swift; sourceTree = "<group>"; };
		39D1DB751CE23B160040A04B /* PackageInfo.swift */ = {isa = PBXFileReference; fileEncoding = 4; lastKnownFileType = sourcecode.swift; name = PackageInfo.swift; path = Client/Source/PackageInfo.swift; sourceTree = "<group>"; };
		39D1DB761CE23B160040A04B /* UpdateCheckCallback.swift */ = {isa = PBXFileReference; fileEncoding = 4; lastKnownFileType = sourcecode.swift; name = UpdateCheckCallback.swift; path = Client/Source/UpdateCheckCallback.swift; sourceTree = "<group>"; };
		39D1DB771CE23B160040A04B /* UpdateCheckRequest.swift */ = {isa = PBXFileReference; fileEncoding = 4; lastKnownFileType = sourcecode.swift; name = UpdateCheckRequest.swift; path = Client/Source/UpdateCheckRequest.swift; sourceTree = "<group>"; };
		39D1DB781CE23B160040A04B /* UpdateCheckResponse.swift */ = {isa = PBXFileReference; fileEncoding = 4; lastKnownFileType = sourcecode.swift; name = UpdateCheckResponse.swift; path = Client/Source/UpdateCheckResponse.swift; sourceTree = "<group>"; };
		4C7E099530F3D606421A4C2F /* Pods_Barracks_iOS.framework */ = {isa = PBXFileReference; explicitFileType = wrapper.framework; includeInIndex = 0; path = Pods_Barracks_iOS.framework; sourceTree = BUILT_PRODUCTS_DIR; };
		596109C8F1001A2A7F95A37E /* Pods-Barracks OSX.debug.xcconfig */ = {isa = PBXFileReference; includeInIndex = 1; lastKnownFileType = text.xcconfig; name = "Pods-Barracks OSX.debug.xcconfig"; path = "Pods/Target Support Files/Pods-Barracks OSX/Pods-Barracks OSX.debug.xcconfig"; sourceTree = "<group>"; };
		653E450B27DA2FF32B6AD501 /* Pods-Barracks iOS.release.xcconfig */ = {isa = PBXFileReference; includeInIndex = 1; lastKnownFileType = text.xcconfig; name = "Pods-Barracks iOS.release.xcconfig"; path = "Pods/Target Support Files/Pods-Barracks iOS/Pods-Barracks iOS.release.xcconfig"; sourceTree = "<group>"; };
		66386FA21CD0C441D5784BF7 /* Pods_Barracks_iOS_Barracks_iOS_Tests.framework */ = {isa = PBXFileReference; explicitFileType = wrapper.framework; includeInIndex = 0; path = Pods_Barracks_iOS_Barracks_iOS_Tests.framework; sourceTree = BUILT_PRODUCTS_DIR; };
		6C984A4CB2C1C74DD86BE225 /* Pods_Barracks_OSX.framework */ = {isa = PBXFileReference; explicitFileType = wrapper.framework; includeInIndex = 0; path = Pods_Barracks_OSX.framework; sourceTree = BUILT_PRODUCTS_DIR; };
		6CAD72F1B679C67E2712ED07 /* Pods-Barracks iOS-Barracks iOS Tests.debug.xcconfig */ = {isa = PBXFileReference; includeInIndex = 1; lastKnownFileType = text.xcconfig; name = "Pods-Barracks iOS-Barracks iOS Tests.debug.xcconfig"; path = "Pods/Target Support Files/Pods-Barracks iOS-Barracks iOS Tests/Pods-Barracks iOS-Barracks iOS Tests.debug.xcconfig"; sourceTree = "<group>"; };
		7D158F2E7A43C797CB721010 /* Pods-Barracks OSX.release.xcconfig */ = {isa = PBXFileReference; includeInIndex = 1; lastKnownFileType = text.xcconfig; name = "Pods-Barracks OSX.release.xcconfig"; path = "Pods/Target Support Files/Pods-Barracks OSX/Pods-Barracks OSX.release.xcconfig"; sourceTree = "<group>"; };
		B14A51F2C644D97BF9FF5114 /* Pods_Barracks_OSX_Barracks_OSX_Tests.framework */ = {isa = PBXFileReference; explicitFileType = wrapper.framework; includeInIndex = 0; path = Pods_Barracks_OSX_Barracks_OSX_Tests.framework; sourceTree = BUILT_PRODUCTS_DIR; };
		BAB0720CC89161B3A9A5AA32 /* Pods-Barracks OSX-Barracks OSX Tests.release.xcconfig */ = {isa = PBXFileReference; includeInIndex = 1; lastKnownFileType = text.xcconfig; name = "Pods-Barracks OSX-Barracks OSX Tests.release.xcconfig"; path = "Pods/Target Support Files/Pods-Barracks OSX-Barracks OSX Tests/Pods-Barracks OSX-Barracks OSX Tests.release.xcconfig"; sourceTree = "<group>"; };
		E1BF5728A912E95E79F5491F /* Pods-Barracks OSX-Barracks OSX Tests.debug.xcconfig */ = {isa = PBXFileReference; includeInIndex = 1; lastKnownFileType = text.xcconfig; name = "Pods-Barracks OSX-Barracks OSX Tests.debug.xcconfig"; path = "Pods/Target Support Files/Pods-Barracks OSX-Barracks OSX Tests/Pods-Barracks OSX-Barracks OSX Tests.debug.xcconfig"; sourceTree = "<group>"; };
/* End PBXFileReference section */

/* Begin PBXFrameworksBuildPhase section */
		39090CDD1CBEA17C006FA104 /* Frameworks */ = {
			isa = PBXFrameworksBuildPhase;
			buildActionMask = 2147483647;
			files = (
				33DD7AE3EB1C70EE12424FF5 /* Pods_Barracks_iOS.framework in Frameworks */,
			);
			runOnlyForDeploymentPostprocessing = 0;
		};
		39090CE81CBEA17C006FA104 /* Frameworks */ = {
			isa = PBXFrameworksBuildPhase;
			buildActionMask = 2147483647;
			files = (
				39090CEC1CBEA17C006FA104 /* Barracks.framework in Frameworks */,
				2567067140A7679BD56D8D2A /* Pods_Barracks_iOS_Barracks_iOS_Tests.framework in Frameworks */,
			);
			runOnlyForDeploymentPostprocessing = 0;
		};
		39090CFA1CBEA1A5006FA104 /* Frameworks */ = {
			isa = PBXFrameworksBuildPhase;
			buildActionMask = 2147483647;
			files = (
				1A57C7FE14D3ECDB01D95C88 /* Pods_Barracks_OSX.framework in Frameworks */,
			);
			runOnlyForDeploymentPostprocessing = 0;
		};
		396729741CC57D090099D71C /* Frameworks */ = {
			isa = PBXFrameworksBuildPhase;
			buildActionMask = 2147483647;
			files = (
				3967297C1CC57D090099D71C /* Barracks.framework in Frameworks */,
				4347FEB0F540676B46A17156 /* Pods_Barracks_OSX_Barracks_OSX_Tests.framework in Frameworks */,
			);
			runOnlyForDeploymentPostprocessing = 0;
		};
/* End PBXFrameworksBuildPhase section */

/* Begin PBXGroup section */
		39090CD51CBEA12F006FA104 = {
			isa = PBXGroup;
			children = (
				399813511CC41E2D000AF010 /* Pods.xcodeproj */,
				39BB42AC1CBF071400AAF5C9 /* Barracks.podspec */,
				39090D5B1CBEC3FE006FA104 /* Podfile */,
				39090D291CBEB9A7006FA104 /* Supporting Files */,
				39090D2A1CBEB9C2006FA104 /* Tests */,
				39090D281CBEB9A0006FA104 /* Source */,
				39090CE21CBEA17C006FA104 /* Products */,
				A8672AE1E1E60FA579BB9CAC /* Frameworks */,
				DEE3C74BC411EB17860348C6 /* Pods */,
			);
			sourceTree = "<group>";
		};
		39090CE21CBEA17C006FA104 /* Products */ = {
			isa = PBXGroup;
			children = (
				39090CE11CBEA17C006FA104 /* Barracks.framework */,
				39090CEB1CBEA17C006FA104 /* Barracks iOS Tests.xctest */,
				39090CFE1CBEA1A5006FA104 /* Barracks.framework */,
				396729771CC57D090099D71C /* Barracks OSX Tests.xctest */,
			);
			name = Products;
			sourceTree = "<group>";
		};
		39090D281CBEB9A0006FA104 /* Source */ = {
			isa = PBXGroup;
			children = (
				39D1DB711CE23B160040A04B /* BarracksClient.swift */,
				39D1DB721CE23B160040A04B /* CheckUpdate.swift */,
				39D1DB731CE23B160040A04B /* DownloadPackage.swift */,
				39D1DB741CE23B160040A04B /* PackageDownloadCallback.swift */,
				39D1DB751CE23B160040A04B /* PackageInfo.swift */,
				39D1DB761CE23B160040A04B /* UpdateCheckCallback.swift */,
				39D1DB771CE23B160040A04B /* UpdateCheckRequest.swift */,
				39D1DB781CE23B160040A04B /* UpdateCheckResponse.swift */,
			);
			name = Source;
			sourceTree = "<group>";
		};
		39090D291CBEB9A7006FA104 /* Supporting Files */ = {
			isa = PBXGroup;
			children = (
				39D1DB671CE23AEB0040A04B /* Barracks.h */,
				39D1DB681CE23AEB0040A04B /* Info.plist */,
			);
			name = "Supporting Files";
			sourceTree = "<group>";
		};
		39090D2A1CBEB9C2006FA104 /* Tests */ = {
			isa = PBXGroup;
			children = (
				39D1DB6F1CE23B080040A04B /* UpdateCheck.swift */,
				39139F331CE3C0DE00E546B7 /* Download.swift */,
				396729A41CC6DE730099D71C /* Stubs */,
			);
			name = Tests;
			sourceTree = "<group>";
		};
		396729A41CC6DE730099D71C /* Stubs */ = {
			isa = PBXGroup;
			children = (
				39D1DB6B1CE23AF50040A04B /* firmware.jpg */,
				39D1DB6C1CE23AF50040A04B /* update_check_response_success.json */,
			);
			name = Stubs;
			sourceTree = "<group>";
		};
		399813521CC41E2D000AF010 /* Products */ = {
			isa = PBXGroup;
			children = (
				399813591CC41E2D000AF010 /* Alamofire.framework */,
				BF7495921FABBEC600EB1594 /* Alamofire.framework */,
				398FC4D61CE23E1000709F34 /* Barracks.framework */,
				39975F2E1DAEAD8B00F39850 /* CryptoSwift.framework */,
				BF7495941FABBEC600EB1594 /* CryptoSwift.framework */,
				399813781CC55A0F000AF010 /* OHHTTPStubs.framework */,
				BF7495961FABBEC600EB1594 /* OHHTTPStubs.framework */,
				3998135D1CC41E2D000AF010 /* Pods_Barracks_iOS.framework */,
				390B060F1CE24F0600CF166C /* Pods_Barracks_iOS_Barracks_iOS_Tests.framework */,
				3998135F1CC41E2D000AF010 /* Pods_Barracks_OSX.framework */,
				396E36251CE24E84002C4966 /* Pods_Barracks_OSX_Barracks_OSX_Tests.framework */,
				396729B21CC6DE730099D71C /* Pods_OSXExample.framework */,
			);
			name = Products;
			sourceTree = "<group>";
		};
		A8672AE1E1E60FA579BB9CAC /* Frameworks */ = {
			isa = PBXGroup;
			children = (
				394DC53D1CC4041600009168 /* Alamofire.framework */,
				6C984A4CB2C1C74DD86BE225 /* Pods_Barracks_OSX.framework */,
				B14A51F2C644D97BF9FF5114 /* Pods_Barracks_OSX_Barracks_OSX_Tests.framework */,
				4C7E099530F3D606421A4C2F /* Pods_Barracks_iOS.framework */,
				66386FA21CD0C441D5784BF7 /* Pods_Barracks_iOS_Barracks_iOS_Tests.framework */,
			);
			name = Frameworks;
			sourceTree = "<group>";
		};
		DEE3C74BC411EB17860348C6 /* Pods */ = {
			isa = PBXGroup;
			children = (
				596109C8F1001A2A7F95A37E /* Pods-Barracks OSX.debug.xcconfig */,
				7D158F2E7A43C797CB721010 /* Pods-Barracks OSX.release.xcconfig */,
				E1BF5728A912E95E79F5491F /* Pods-Barracks OSX-Barracks OSX Tests.debug.xcconfig */,
				BAB0720CC89161B3A9A5AA32 /* Pods-Barracks OSX-Barracks OSX Tests.release.xcconfig */,
				07A5FA3DCD4E4EDD7F86BF43 /* Pods-Barracks iOS.debug.xcconfig */,
				653E450B27DA2FF32B6AD501 /* Pods-Barracks iOS.release.xcconfig */,
				6CAD72F1B679C67E2712ED07 /* Pods-Barracks iOS-Barracks iOS Tests.debug.xcconfig */,
				0126B6C204A087C694777392 /* Pods-Barracks iOS-Barracks iOS Tests.release.xcconfig */,
			);
			name = Pods;
			sourceTree = "<group>";
		};
/* End PBXGroup section */

/* Begin PBXHeadersBuildPhase section */
		39090CDE1CBEA17C006FA104 /* Headers */ = {
			isa = PBXHeadersBuildPhase;
			buildActionMask = 2147483647;
			files = (
				39D1DB691CE23AEB0040A04B /* Barracks.h in Headers */,
			);
			runOnlyForDeploymentPostprocessing = 0;
		};
		39090CFB1CBEA1A5006FA104 /* Headers */ = {
			isa = PBXHeadersBuildPhase;
			buildActionMask = 2147483647;
			files = (
				39D1DBA41CE23E720040A04B /* Barracks.h in Headers */,
			);
			runOnlyForDeploymentPostprocessing = 0;
		};
/* End PBXHeadersBuildPhase section */

/* Begin PBXNativeTarget section */
		39090CE01CBEA17C006FA104 /* Barracks iOS */ = {
			isa = PBXNativeTarget;
			buildConfigurationList = 39090CF31CBEA17C006FA104 /* Build configuration list for PBXNativeTarget "Barracks iOS" */;
			buildPhases = (
				DC9D2F46BD4016B1914AEEDA /* [CP] Check Pods Manifest.lock */,
				39090CDC1CBEA17C006FA104 /* Sources */,
				39090CDD1CBEA17C006FA104 /* Frameworks */,
				39090CDE1CBEA17C006FA104 /* Headers */,
				39090CDF1CBEA17C006FA104 /* Resources */,
				8105EFF716A95656019794C0 /* [CP] Copy Pods Resources */,
			);
			buildRules = (
			);
			dependencies = (
			);
			name = "Barracks iOS";
			productName = "Barracks iOS";
			productReference = 39090CE11CBEA17C006FA104 /* Barracks.framework */;
			productType = "com.apple.product-type.framework";
		};
		39090CEA1CBEA17C006FA104 /* Barracks iOS Tests */ = {
			isa = PBXNativeTarget;
			buildConfigurationList = 39090CF61CBEA17C006FA104 /* Build configuration list for PBXNativeTarget "Barracks iOS Tests" */;
			buildPhases = (
				515653FFD92045384234276B /* [CP] Check Pods Manifest.lock */,
				39090CE71CBEA17C006FA104 /* Sources */,
				39090CE81CBEA17C006FA104 /* Frameworks */,
				39090CE91CBEA17C006FA104 /* Resources */,
				22146D6139689C6C04642765 /* [CP] Embed Pods Frameworks */,
				38E31392AAB37072B9A111EE /* [CP] Copy Pods Resources */,
			);
			buildRules = (
			);
			dependencies = (
				39090CEE1CBEA17C006FA104 /* PBXTargetDependency */,
			);
			name = "Barracks iOS Tests";
			productName = "Barracks iOSTests";
			productReference = 39090CEB1CBEA17C006FA104 /* Barracks iOS Tests.xctest */;
			productType = "com.apple.product-type.bundle.unit-test";
		};
		39090CFD1CBEA1A5006FA104 /* Barracks OSX */ = {
			isa = PBXNativeTarget;
			buildConfigurationList = 39090D0F1CBEA1A5006FA104 /* Build configuration list for PBXNativeTarget "Barracks OSX" */;
			buildPhases = (
				0BB2038C9E89BC72C4AD33C1 /* [CP] Check Pods Manifest.lock */,
				39090CF91CBEA1A5006FA104 /* Sources */,
				39090CFA1CBEA1A5006FA104 /* Frameworks */,
				39090CFB1CBEA1A5006FA104 /* Headers */,
				39090CFC1CBEA1A5006FA104 /* Resources */,
				7153BBD991C2A34FF7D43E76 /* [CP] Copy Pods Resources */,
			);
			buildRules = (
			);
			dependencies = (
			);
			name = "Barracks OSX";
			productName = "Barracks OSX";
			productReference = 39090CFE1CBEA1A5006FA104 /* Barracks.framework */;
			productType = "com.apple.product-type.framework";
		};
		396729761CC57D090099D71C /* Barracks OSX Tests */ = {
			isa = PBXNativeTarget;
			buildConfigurationList = 3967297F1CC57D090099D71C /* Build configuration list for PBXNativeTarget "Barracks OSX Tests" */;
			buildPhases = (
				B2E288D8C6E34245B8B6ED20 /* [CP] Check Pods Manifest.lock */,
				396729731CC57D090099D71C /* Sources */,
				396729741CC57D090099D71C /* Frameworks */,
				396729751CC57D090099D71C /* Resources */,
				3967298F1CC5821A0099D71C /* CopyFiles */,
				31F6A13010BDD6CB73001682 /* [CP] Embed Pods Frameworks */,
				9C92A76B9BEDC1813DBCB755 /* [CP] Copy Pods Resources */,
			);
			buildRules = (
			);
			dependencies = (
				3967297E1CC57D090099D71C /* PBXTargetDependency */,
			);
			name = "Barracks OSX Tests";
			productName = "Barracks OSX Tests";
			productReference = 396729771CC57D090099D71C /* Barracks OSX Tests.xctest */;
			productType = "com.apple.product-type.bundle.unit-test";
		};
/* End PBXNativeTarget section */

/* Begin PBXProject section */
		39090CD61CBEA12F006FA104 /* Project object */ = {
			isa = PBXProject;
			attributes = {
				LastSwiftUpdateCheck = 0730;
				LastUpgradeCheck = 0800;
				TargetAttributes = {
					39090CE01CBEA17C006FA104 = {
						CreatedOnToolsVersion = 7.3;
						LastSwiftMigration = 0800;
					};
					39090CEA1CBEA17C006FA104 = {
						CreatedOnToolsVersion = 7.3;
						LastSwiftMigration = 0800;
					};
					39090CFD1CBEA1A5006FA104 = {
						CreatedOnToolsVersion = 7.3;
					};
					396729761CC57D090099D71C = {
						CreatedOnToolsVersion = 7.3;
					};
				};
			};
			buildConfigurationList = 39090CD91CBEA12F006FA104 /* Build configuration list for PBXProject "BarracksClient" */;
			compatibilityVersion = "Xcode 3.2";
			developmentRegion = English;
			hasScannedForEncodings = 0;
			knownRegions = (
				en,
			);
			mainGroup = 39090CD51CBEA12F006FA104;
			productRefGroup = 39090CE21CBEA17C006FA104 /* Products */;
			projectDirPath = "";
			projectReferences = (
				{
					ProductGroup = 399813521CC41E2D000AF010 /* Products */;
					ProjectRef = 399813511CC41E2D000AF010 /* Pods.xcodeproj */;
				},
			);
			projectRoot = "";
			targets = (
				39090CE01CBEA17C006FA104 /* Barracks iOS */,
				39090CEA1CBEA17C006FA104 /* Barracks iOS Tests */,
				39090CFD1CBEA1A5006FA104 /* Barracks OSX */,
				396729761CC57D090099D71C /* Barracks OSX Tests */,
			);
		};
/* End PBXProject section */

/* Begin PBXReferenceProxy section */
		390B060F1CE24F0600CF166C /* Pods_Barracks_iOS_Barracks_iOS_Tests.framework */ = {
			isa = PBXReferenceProxy;
			fileType = wrapper.framework;
			path = Pods_Barracks_iOS_Barracks_iOS_Tests.framework;
			remoteRef = 390B060E1CE24F0600CF166C /* PBXContainerItemProxy */;
			sourceTree = BUILT_PRODUCTS_DIR;
		};
		396729B21CC6DE730099D71C /* Pods_OSXExample.framework */ = {
			isa = PBXReferenceProxy;
			fileType = wrapper.framework;
			path = Pods_OSXExample.framework;
			remoteRef = 396729B11CC6DE730099D71C /* PBXContainerItemProxy */;
			sourceTree = BUILT_PRODUCTS_DIR;
		};
		396E36251CE24E84002C4966 /* Pods_Barracks_OSX_Barracks_OSX_Tests.framework */ = {
			isa = PBXReferenceProxy;
			fileType = wrapper.framework;
			path = Pods_Barracks_OSX_Barracks_OSX_Tests.framework;
			remoteRef = 396E36241CE24E84002C4966 /* PBXContainerItemProxy */;
			sourceTree = BUILT_PRODUCTS_DIR;
		};
		398FC4D61CE23E1000709F34 /* Barracks.framework */ = {
			isa = PBXReferenceProxy;
			fileType = wrapper.framework;
			path = Barracks.framework;
			remoteRef = 398FC4D51CE23E1000709F34 /* PBXContainerItemProxy */;
			sourceTree = BUILT_PRODUCTS_DIR;
		};
		39975F2E1DAEAD8B00F39850 /* CryptoSwift.framework */ = {
			isa = PBXReferenceProxy;
			fileType = wrapper.framework;
			path = CryptoSwift.framework;
			remoteRef = 39975F2D1DAEAD8B00F39850 /* PBXContainerItemProxy */;
			sourceTree = BUILT_PRODUCTS_DIR;
		};
		399813591CC41E2D000AF010 /* Alamofire.framework */ = {
			isa = PBXReferenceProxy;
			fileType = wrapper.framework;
			path = Alamofire.framework;
			remoteRef = 399813581CC41E2D000AF010 /* PBXContainerItemProxy */;
			sourceTree = BUILT_PRODUCTS_DIR;
		};
		3998135D1CC41E2D000AF010 /* Pods_Barracks_iOS.framework */ = {
			isa = PBXReferenceProxy;
			fileType = wrapper.framework;
			path = Pods_Barracks_iOS.framework;
			remoteRef = 3998135C1CC41E2D000AF010 /* PBXContainerItemProxy */;
			sourceTree = BUILT_PRODUCTS_DIR;
		};
		3998135F1CC41E2D000AF010 /* Pods_Barracks_OSX.framework */ = {
			isa = PBXReferenceProxy;
			fileType = wrapper.framework;
			path = Pods_Barracks_OSX.framework;
			remoteRef = 3998135E1CC41E2D000AF010 /* PBXContainerItemProxy */;
			sourceTree = BUILT_PRODUCTS_DIR;
		};
		399813781CC55A0F000AF010 /* OHHTTPStubs.framework */ = {
			isa = PBXReferenceProxy;
			fileType = wrapper.framework;
			path = OHHTTPStubs.framework;
			remoteRef = 399813771CC55A0F000AF010 /* PBXContainerItemProxy */;
			sourceTree = BUILT_PRODUCTS_DIR;
		};
		BF7495921FABBEC600EB1594 /* Alamofire.framework */ = {
			isa = PBXReferenceProxy;
			fileType = wrapper.framework;
			path = Alamofire.framework;
			remoteRef = BF7495911FABBEC600EB1594 /* PBXContainerItemProxy */;
			sourceTree = BUILT_PRODUCTS_DIR;
		};
		BF7495941FABBEC600EB1594 /* CryptoSwift.framework */ = {
			isa = PBXReferenceProxy;
			fileType = wrapper.framework;
			path = CryptoSwift.framework;
			remoteRef = BF7495931FABBEC600EB1594 /* PBXContainerItemProxy */;
			sourceTree = BUILT_PRODUCTS_DIR;
		};
		BF7495961FABBEC600EB1594 /* OHHTTPStubs.framework */ = {
			isa = PBXReferenceProxy;
			fileType = wrapper.framework;
			path = OHHTTPStubs.framework;
			remoteRef = BF7495951FABBEC600EB1594 /* PBXContainerItemProxy */;
			sourceTree = BUILT_PRODUCTS_DIR;
		};
/* End PBXReferenceProxy section */

/* Begin PBXResourcesBuildPhase section */
		39090CDF1CBEA17C006FA104 /* Resources */ = {
			isa = PBXResourcesBuildPhase;
			buildActionMask = 2147483647;
			files = (
				39D1DB6D1CE23AF50040A04B /* firmware.jpg in Resources */,
				39090D5C1CBEC3FE006FA104 /* Podfile in Resources */,
				39BB42AD1CBF071400AAF5C9 /* Barracks.podspec in Resources */,
				39D1DB6E1CE23AF50040A04B /* update_check_response_success.json in Resources */,
			);
			runOnlyForDeploymentPostprocessing = 0;
		};
		39090CE91CBEA17C006FA104 /* Resources */ = {
			isa = PBXResourcesBuildPhase;
			buildActionMask = 2147483647;
			files = (
				39D1DBAF1CE24DA60040A04B /* firmware.jpg in Resources */,
				39D1DBB01CE24DA60040A04B /* update_check_response_success.json in Resources */,
			);
			runOnlyForDeploymentPostprocessing = 0;
		};
		39090CFC1CBEA1A5006FA104 /* Resources */ = {
			isa = PBXResourcesBuildPhase;
			buildActionMask = 2147483647;
			files = (
				39C3A18A1CC578CF004E8725 /* Podfile in Resources */,
				39C3A1891CC578CF004E8725 /* Barracks.podspec in Resources */,
			);
			runOnlyForDeploymentPostprocessing = 0;
		};
		396729751CC57D090099D71C /* Resources */ = {
			isa = PBXResourcesBuildPhase;
			buildActionMask = 2147483647;
			files = (
				39D1DBAD1CE24DA00040A04B /* firmware.jpg in Resources */,
				39D1DBAE1CE24DA00040A04B /* update_check_response_success.json in Resources */,
			);
			runOnlyForDeploymentPostprocessing = 0;
		};
/* End PBXResourcesBuildPhase section */

/* Begin PBXShellScriptBuildPhase section */
		0BB2038C9E89BC72C4AD33C1 /* [CP] Check Pods Manifest.lock */ = {
			isa = PBXShellScriptBuildPhase;
			buildActionMask = 2147483647;
			files = (
			);
			inputPaths = (
				"${PODS_PODFILE_DIR_PATH}/Podfile.lock",
				"${PODS_ROOT}/Manifest.lock",
			);
			name = "[CP] Check Pods Manifest.lock";
			outputPaths = (
				"$(DERIVED_FILE_DIR)/Pods-Barracks OSX-checkManifestLockResult.txt",
			);
			runOnlyForDeploymentPostprocessing = 0;
			shellPath = /bin/sh;
			shellScript = "diff \"${PODS_PODFILE_DIR_PATH}/Podfile.lock\" \"${PODS_ROOT}/Manifest.lock\" > /dev/null\nif [ $? != 0 ] ; then\n    # print error to STDERR\n    echo \"error: The sandbox is not in sync with the Podfile.lock. Run 'pod install' or update your CocoaPods installation.\" >&2\n    exit 1\nfi\n# This output is used by Xcode 'outputs' to avoid re-running this script phase.\necho \"SUCCESS\" > \"${SCRIPT_OUTPUT_FILE_0}\"\n";
			showEnvVarsInLog = 0;
		};
		22146D6139689C6C04642765 /* [CP] Embed Pods Frameworks */ = {
			isa = PBXShellScriptBuildPhase;
			buildActionMask = 2147483647;
			files = (
			);
			inputPaths = (
				"${SRCROOT}/Pods/Target Support Files/Pods-Barracks iOS-Barracks iOS Tests/Pods-Barracks iOS-Barracks iOS Tests-frameworks.sh",
				"${BUILT_PRODUCTS_DIR}/Alamofire-iOS/Alamofire.framework",
				"${BUILT_PRODUCTS_DIR}/CryptoSwift-iOS/CryptoSwift.framework",
				"${BUILT_PRODUCTS_DIR}/OHHTTPStubs-iOS/OHHTTPStubs.framework",
			);
			name = "[CP] Embed Pods Frameworks";
			outputPaths = (
				"${TARGET_BUILD_DIR}/${FRAMEWORKS_FOLDER_PATH}/Alamofire.framework",
				"${TARGET_BUILD_DIR}/${FRAMEWORKS_FOLDER_PATH}/CryptoSwift.framework",
				"${TARGET_BUILD_DIR}/${FRAMEWORKS_FOLDER_PATH}/OHHTTPStubs.framework",
			);
			runOnlyForDeploymentPostprocessing = 0;
			shellPath = /bin/sh;
			shellScript = "\"${SRCROOT}/Pods/Target Support Files/Pods-Barracks iOS-Barracks iOS Tests/Pods-Barracks iOS-Barracks iOS Tests-frameworks.sh\"\n";
			showEnvVarsInLog = 0;
		};
		31F6A13010BDD6CB73001682 /* [CP] Embed Pods Frameworks */ = {
			isa = PBXShellScriptBuildPhase;
			buildActionMask = 2147483647;
			files = (
			);
			inputPaths = (
				"${SRCROOT}/Pods/Target Support Files/Pods-Barracks OSX-Barracks OSX Tests/Pods-Barracks OSX-Barracks OSX Tests-frameworks.sh",
				"${BUILT_PRODUCTS_DIR}/Alamofire-macOS/Alamofire.framework",
				"${BUILT_PRODUCTS_DIR}/CryptoSwift-macOS/CryptoSwift.framework",
				"${BUILT_PRODUCTS_DIR}/OHHTTPStubs-macOS/OHHTTPStubs.framework",
			);
			name = "[CP] Embed Pods Frameworks";
			outputPaths = (
				"${TARGET_BUILD_DIR}/${FRAMEWORKS_FOLDER_PATH}/Alamofire.framework",
				"${TARGET_BUILD_DIR}/${FRAMEWORKS_FOLDER_PATH}/CryptoSwift.framework",
				"${TARGET_BUILD_DIR}/${FRAMEWORKS_FOLDER_PATH}/OHHTTPStubs.framework",
			);
			runOnlyForDeploymentPostprocessing = 0;
			shellPath = /bin/sh;
			shellScript = "\"${SRCROOT}/Pods/Target Support Files/Pods-Barracks OSX-Barracks OSX Tests/Pods-Barracks OSX-Barracks OSX Tests-frameworks.sh\"\n";
			showEnvVarsInLog = 0;
		};
		38E31392AAB37072B9A111EE /* [CP] Copy Pods Resources */ = {
			isa = PBXShellScriptBuildPhase;
			buildActionMask = 2147483647;
			files = (
			);
			inputPaths = (
			);
			name = "[CP] Copy Pods Resources";
			outputPaths = (
			);
			runOnlyForDeploymentPostprocessing = 0;
			shellPath = /bin/sh;
			shellScript = "\"${SRCROOT}/Pods/Target Support Files/Pods-Barracks iOS-Barracks iOS Tests/Pods-Barracks iOS-Barracks iOS Tests-resources.sh\"\n";
			showEnvVarsInLog = 0;
		};
		515653FFD92045384234276B /* [CP] Check Pods Manifest.lock */ = {
			isa = PBXShellScriptBuildPhase;
			buildActionMask = 2147483647;
			files = (
			);
			inputPaths = (
				"${PODS_PODFILE_DIR_PATH}/Podfile.lock",
				"${PODS_ROOT}/Manifest.lock",
			);
			name = "[CP] Check Pods Manifest.lock";
			outputPaths = (
				"$(DERIVED_FILE_DIR)/Pods-Barracks iOS-Barracks iOS Tests-checkManifestLockResult.txt",
			);
			runOnlyForDeploymentPostprocessing = 0;
			shellPath = /bin/sh;
			shellScript = "diff \"${PODS_PODFILE_DIR_PATH}/Podfile.lock\" \"${PODS_ROOT}/Manifest.lock\" > /dev/null\nif [ $? != 0 ] ; then\n    # print error to STDERR\n    echo \"error: The sandbox is not in sync with the Podfile.lock. Run 'pod install' or update your CocoaPods installation.\" >&2\n    exit 1\nfi\n# This output is used by Xcode 'outputs' to avoid re-running this script phase.\necho \"SUCCESS\" > \"${SCRIPT_OUTPUT_FILE_0}\"\n";
			showEnvVarsInLog = 0;
		};
		7153BBD991C2A34FF7D43E76 /* [CP] Copy Pods Resources */ = {
			isa = PBXShellScriptBuildPhase;
			buildActionMask = 2147483647;
			files = (
			);
			inputPaths = (
			);
			name = "[CP] Copy Pods Resources";
			outputPaths = (
			);
			runOnlyForDeploymentPostprocessing = 0;
			shellPath = /bin/sh;
			shellScript = "\"${SRCROOT}/Pods/Target Support Files/Pods-Barracks OSX/Pods-Barracks OSX-resources.sh\"\n";
			showEnvVarsInLog = 0;
		};
		8105EFF716A95656019794C0 /* [CP] Copy Pods Resources */ = {
			isa = PBXShellScriptBuildPhase;
			buildActionMask = 2147483647;
			files = (
			);
			inputPaths = (
			);
			name = "[CP] Copy Pods Resources";
			outputPaths = (
			);
			runOnlyForDeploymentPostprocessing = 0;
			shellPath = /bin/sh;
			shellScript = "\"${SRCROOT}/Pods/Target Support Files/Pods-Barracks iOS/Pods-Barracks iOS-resources.sh\"\n";
			showEnvVarsInLog = 0;
		};
		9C92A76B9BEDC1813DBCB755 /* [CP] Copy Pods Resources */ = {
			isa = PBXShellScriptBuildPhase;
			buildActionMask = 2147483647;
			files = (
			);
			inputPaths = (
			);
			name = "[CP] Copy Pods Resources";
			outputPaths = (
			);
			runOnlyForDeploymentPostprocessing = 0;
			shellPath = /bin/sh;
			shellScript = "\"${SRCROOT}/Pods/Target Support Files/Pods-Barracks OSX-Barracks OSX Tests/Pods-Barracks OSX-Barracks OSX Tests-resources.sh\"\n";
			showEnvVarsInLog = 0;
		};
		B2E288D8C6E34245B8B6ED20 /* [CP] Check Pods Manifest.lock */ = {
			isa = PBXShellScriptBuildPhase;
			buildActionMask = 2147483647;
			files = (
			);
			inputPaths = (
				"${PODS_PODFILE_DIR_PATH}/Podfile.lock",
				"${PODS_ROOT}/Manifest.lock",
			);
			name = "[CP] Check Pods Manifest.lock";
			outputPaths = (
				"$(DERIVED_FILE_DIR)/Pods-Barracks OSX-Barracks OSX Tests-checkManifestLockResult.txt",
			);
			runOnlyForDeploymentPostprocessing = 0;
			shellPath = /bin/sh;
			shellScript = "diff \"${PODS_PODFILE_DIR_PATH}/Podfile.lock\" \"${PODS_ROOT}/Manifest.lock\" > /dev/null\nif [ $? != 0 ] ; then\n    # print error to STDERR\n    echo \"error: The sandbox is not in sync with the Podfile.lock. Run 'pod install' or update your CocoaPods installation.\" >&2\n    exit 1\nfi\n# This output is used by Xcode 'outputs' to avoid re-running this script phase.\necho \"SUCCESS\" > \"${SCRIPT_OUTPUT_FILE_0}\"\n";
			showEnvVarsInLog = 0;
		};
		DC9D2F46BD4016B1914AEEDA /* [CP] Check Pods Manifest.lock */ = {
			isa = PBXShellScriptBuildPhase;
			buildActionMask = 2147483647;
			files = (
			);
			inputPaths = (
				"${PODS_PODFILE_DIR_PATH}/Podfile.lock",
				"${PODS_ROOT}/Manifest.lock",
			);
			name = "[CP] Check Pods Manifest.lock";
			outputPaths = (
				"$(DERIVED_FILE_DIR)/Pods-Barracks iOS-checkManifestLockResult.txt",
			);
			runOnlyForDeploymentPostprocessing = 0;
			shellPath = /bin/sh;
			shellScript = "diff \"${PODS_PODFILE_DIR_PATH}/Podfile.lock\" \"${PODS_ROOT}/Manifest.lock\" > /dev/null\nif [ $? != 0 ] ; then\n    # print error to STDERR\n    echo \"error: The sandbox is not in sync with the Podfile.lock. Run 'pod install' or update your CocoaPods installation.\" >&2\n    exit 1\nfi\n# This output is used by Xcode 'outputs' to avoid re-running this script phase.\necho \"SUCCESS\" > \"${SCRIPT_OUTPUT_FILE_0}\"\n";
			showEnvVarsInLog = 0;
		};
/* End PBXShellScriptBuildPhase section */

/* Begin PBXSourcesBuildPhase section */
		39090CDC1CBEA17C006FA104 /* Sources */ = {
			isa = PBXSourcesBuildPhase;
			buildActionMask = 2147483647;
			files = (
				39D1DB811CE23B320040A04B /* BarracksClient.swift in Sources */,
				39D1DB821CE23B320040A04B /* CheckUpdate.swift in Sources */,
				39D1DB831CE23B320040A04B /* DownloadPackage.swift in Sources */,
				39D1DB841CE23B320040A04B /* PackageDownloadCallback.swift in Sources */,
				39D1DB851CE23B320040A04B /* PackageInfo.swift in Sources */,
				39D1DB861CE23B320040A04B /* UpdateCheckCallback.swift in Sources */,
				39D1DB871CE23B320040A04B /* UpdateCheckRequest.swift in Sources */,
				39D1DB881CE23B320040A04B /* UpdateCheckResponse.swift in Sources */,
			);
			runOnlyForDeploymentPostprocessing = 0;
		};
		39090CE71CBEA17C006FA104 /* Sources */ = {
			isa = PBXSourcesBuildPhase;
			buildActionMask = 2147483647;
			files = (
				39139F421CE3C15900E546B7 /* Download.swift in Sources */,
				39D1DB8C1CE23D800040A04B /* UpdateCheck.swift in Sources */,
			);
			runOnlyForDeploymentPostprocessing = 0;
		};
		39090CF91CBEA1A5006FA104 /* Sources */ = {
			isa = PBXSourcesBuildPhase;
			buildActionMask = 2147483647;
			files = (
				39D1DBA51CE24D6C0040A04B /* BarracksClient.swift in Sources */,
				39D1DBA61CE24D6C0040A04B /* CheckUpdate.swift in Sources */,
				39D1DBA71CE24D6C0040A04B /* DownloadPackage.swift in Sources */,
				39D1DBA81CE24D6C0040A04B /* PackageDownloadCallback.swift in Sources */,
				39D1DBA91CE24D6C0040A04B /* PackageInfo.swift in Sources */,
				39D1DBAA1CE24D6C0040A04B /* UpdateCheckCallback.swift in Sources */,
				39D1DBAB1CE24D6C0040A04B /* UpdateCheckRequest.swift in Sources */,
				39D1DBAC1CE24D6C0040A04B /* UpdateCheckResponse.swift in Sources */,
			);
			runOnlyForDeploymentPostprocessing = 0;
		};
		396729731CC57D090099D71C /* Sources */ = {
			isa = PBXSourcesBuildPhase;
			buildActionMask = 2147483647;
			files = (
				39139F431CE3C15E00E546B7 /* Download.swift in Sources */,
				39D1DB961CE23D840040A04B /* UpdateCheck.swift in Sources */,
			);
			runOnlyForDeploymentPostprocessing = 0;
		};
/* End PBXSourcesBuildPhase section */

/* Begin PBXTargetDependency section */
		39090CEE1CBEA17C006FA104 /* PBXTargetDependency */ = {
			isa = PBXTargetDependency;
			target = 39090CE01CBEA17C006FA104 /* Barracks iOS */;
			targetProxy = 39090CED1CBEA17C006FA104 /* PBXContainerItemProxy */;
		};
		3967297E1CC57D090099D71C /* PBXTargetDependency */ = {
			isa = PBXTargetDependency;
			target = 39090CFD1CBEA1A5006FA104 /* Barracks OSX */;
			targetProxy = 3967297D1CC57D090099D71C /* PBXContainerItemProxy */;
		};
/* End PBXTargetDependency section */

/* Begin XCBuildConfiguration section */
		39090CDA1CBEA12F006FA104 /* Debug */ = {
			isa = XCBuildConfiguration;
			buildSettings = {
				ALWAYS_EMBED_SWIFT_STANDARD_LIBRARIES = YES;
				CLANG_WARN_BOOL_CONVERSION = YES;
				CLANG_WARN_CONSTANT_CONVERSION = YES;
				CLANG_WARN_EMPTY_BODY = YES;
				CLANG_WARN_ENUM_CONVERSION = YES;
				CLANG_WARN_INFINITE_RECURSION = YES;
				CLANG_WARN_INT_CONVERSION = YES;
				CLANG_WARN_SUSPICIOUS_MOVE = YES;
				CLANG_WARN_UNREACHABLE_CODE = YES;
				CLANG_WARN__DUPLICATE_METHOD_MATCH = YES;
				DEFINES_MODULE = YES;
				ENABLE_STRICT_OBJC_MSGSEND = YES;
				ENABLE_TESTABILITY = YES;
				GCC_NO_COMMON_BLOCKS = YES;
				GCC_WARN_64_TO_32_BIT_CONVERSION = YES;
				GCC_WARN_ABOUT_RETURN_TYPE = YES;
				GCC_WARN_UNDECLARED_SELECTOR = YES;
				GCC_WARN_UNINITIALIZED_AUTOS = YES;
				GCC_WARN_UNUSED_FUNCTION = YES;
				GCC_WARN_UNUSED_VARIABLE = YES;
				ONLY_ACTIVE_ARCH = YES;
				SWIFT_VERSION = 3.0;
			};
			name = Debug;
		};
		39090CDB1CBEA12F006FA104 /* Release */ = {
			isa = XCBuildConfiguration;
			buildSettings = {
				ALWAYS_EMBED_SWIFT_STANDARD_LIBRARIES = YES;
				CLANG_WARN_BOOL_CONVERSION = YES;
				CLANG_WARN_CONSTANT_CONVERSION = YES;
				CLANG_WARN_EMPTY_BODY = YES;
				CLANG_WARN_ENUM_CONVERSION = YES;
				CLANG_WARN_INFINITE_RECURSION = YES;
				CLANG_WARN_INT_CONVERSION = YES;
				CLANG_WARN_SUSPICIOUS_MOVE = YES;
				CLANG_WARN_UNREACHABLE_CODE = YES;
				CLANG_WARN__DUPLICATE_METHOD_MATCH = YES;
				DEFINES_MODULE = YES;
				ENABLE_STRICT_OBJC_MSGSEND = YES;
				GCC_NO_COMMON_BLOCKS = YES;
				GCC_WARN_64_TO_32_BIT_CONVERSION = YES;
				GCC_WARN_ABOUT_RETURN_TYPE = YES;
				GCC_WARN_UNDECLARED_SELECTOR = YES;
				GCC_WARN_UNINITIALIZED_AUTOS = YES;
				GCC_WARN_UNUSED_FUNCTION = YES;
				GCC_WARN_UNUSED_VARIABLE = YES;
				SWIFT_OPTIMIZATION_LEVEL = "-Owholemodule";
				SWIFT_VERSION = 3.0;
			};
			name = Release;
		};
		39090CF41CBEA17C006FA104 /* Debug */ = {
			isa = XCBuildConfiguration;
			baseConfigurationReference = 07A5FA3DCD4E4EDD7F86BF43 /* Pods-Barracks iOS.debug.xcconfig */;
			buildSettings = {
				ALWAYS_SEARCH_USER_PATHS = NO;
				CLANG_ANALYZER_NONNULL = YES;
				CLANG_CXX_LANGUAGE_STANDARD = "gnu++0x";
				CLANG_CXX_LIBRARY = "libc++";
				CLANG_ENABLE_MODULES = YES;
				CLANG_ENABLE_OBJC_ARC = YES;
				CLANG_WARN_BOOL_CONVERSION = YES;
				CLANG_WARN_CONSTANT_CONVERSION = YES;
				CLANG_WARN_DIRECT_OBJC_ISA_USAGE = YES_ERROR;
				CLANG_WARN_EMPTY_BODY = YES;
				CLANG_WARN_ENUM_CONVERSION = YES;
				CLANG_WARN_INT_CONVERSION = YES;
				CLANG_WARN_OBJC_ROOT_CLASS = YES_ERROR;
				CLANG_WARN_UNREACHABLE_CODE = YES;
				CLANG_WARN__DUPLICATE_METHOD_MATCH = YES;
				"CODE_SIGN_IDENTITY[sdk=iphoneos*]" = "";
				COPY_PHASE_STRIP = NO;
				CURRENT_PROJECT_VERSION = 1;
				DEBUG_INFORMATION_FORMAT = dwarf;
				DEFINES_MODULE = YES;
				DYLIB_COMPATIBILITY_VERSION = 1;
				DYLIB_CURRENT_VERSION = 1;
				DYLIB_INSTALL_NAME_BASE = "@rpath";
				ENABLE_STRICT_OBJC_MSGSEND = YES;
				ENABLE_TESTABILITY = YES;
				GCC_C_LANGUAGE_STANDARD = gnu99;
				GCC_DYNAMIC_NO_PIC = NO;
				GCC_NO_COMMON_BLOCKS = YES;
				GCC_OPTIMIZATION_LEVEL = 0;
				GCC_PREPROCESSOR_DEFINITIONS = (
					"DEBUG=1",
					"$(inherited)",
				);
				GCC_WARN_64_TO_32_BIT_CONVERSION = YES;
				GCC_WARN_ABOUT_RETURN_TYPE = YES_ERROR;
				GCC_WARN_UNDECLARED_SELECTOR = YES;
				GCC_WARN_UNINITIALIZED_AUTOS = YES_AGGRESSIVE;
				GCC_WARN_UNUSED_FUNCTION = YES;
				GCC_WARN_UNUSED_VARIABLE = YES;
				INFOPLIST_FILE = "Client/Supporting Files/Info.plist";
				INSTALL_PATH = "$(LOCAL_LIBRARY_DIR)/Frameworks";
				IPHONEOS_DEPLOYMENT_TARGET = 9.3;
				LD_RUNPATH_SEARCH_PATHS = "$(inherited) @executable_path/Frameworks @loader_path/Frameworks";
				MTL_ENABLE_DEBUG_INFO = YES;
				ONLY_ACTIVE_ARCH = YES;
				PRODUCT_BUNDLE_IDENTIFIER = io.barracks.client;
				PRODUCT_NAME = Barracks;
				SDKROOT = iphoneos;
				SKIP_INSTALL = YES;
				SWIFT_OPTIMIZATION_LEVEL = "-Onone";
				SWIFT_VERSION = 3.0;
				TARGETED_DEVICE_FAMILY = "1,2";
				VERSIONING_SYSTEM = "apple-generic";
				VERSION_INFO_PREFIX = "";
			};
			name = Debug;
		};
		39090CF51CBEA17C006FA104 /* Release */ = {
			isa = XCBuildConfiguration;
			baseConfigurationReference = 653E450B27DA2FF32B6AD501 /* Pods-Barracks iOS.release.xcconfig */;
			buildSettings = {
				ALWAYS_SEARCH_USER_PATHS = NO;
				CLANG_ANALYZER_NONNULL = YES;
				CLANG_CXX_LANGUAGE_STANDARD = "gnu++0x";
				CLANG_CXX_LIBRARY = "libc++";
				CLANG_ENABLE_MODULES = YES;
				CLANG_ENABLE_OBJC_ARC = YES;
				CLANG_WARN_BOOL_CONVERSION = YES;
				CLANG_WARN_CONSTANT_CONVERSION = YES;
				CLANG_WARN_DIRECT_OBJC_ISA_USAGE = YES_ERROR;
				CLANG_WARN_EMPTY_BODY = YES;
				CLANG_WARN_ENUM_CONVERSION = YES;
				CLANG_WARN_INT_CONVERSION = YES;
				CLANG_WARN_OBJC_ROOT_CLASS = YES_ERROR;
				CLANG_WARN_UNREACHABLE_CODE = YES;
				CLANG_WARN__DUPLICATE_METHOD_MATCH = YES;
				"CODE_SIGN_IDENTITY[sdk=iphoneos*]" = "";
				COPY_PHASE_STRIP = NO;
				CURRENT_PROJECT_VERSION = 1;
				DEBUG_INFORMATION_FORMAT = "dwarf-with-dsym";
				DEFINES_MODULE = YES;
				DYLIB_COMPATIBILITY_VERSION = 1;
				DYLIB_CURRENT_VERSION = 1;
				DYLIB_INSTALL_NAME_BASE = "@rpath";
				ENABLE_NS_ASSERTIONS = NO;
				ENABLE_STRICT_OBJC_MSGSEND = YES;
				GCC_C_LANGUAGE_STANDARD = gnu99;
				GCC_NO_COMMON_BLOCKS = YES;
				GCC_WARN_64_TO_32_BIT_CONVERSION = YES;
				GCC_WARN_ABOUT_RETURN_TYPE = YES_ERROR;
				GCC_WARN_UNDECLARED_SELECTOR = YES;
				GCC_WARN_UNINITIALIZED_AUTOS = YES_AGGRESSIVE;
				GCC_WARN_UNUSED_FUNCTION = YES;
				GCC_WARN_UNUSED_VARIABLE = YES;
				INFOPLIST_FILE = "Client/Supporting Files/Info.plist";
				INSTALL_PATH = "$(LOCAL_LIBRARY_DIR)/Frameworks";
				IPHONEOS_DEPLOYMENT_TARGET = 9.3;
				LD_RUNPATH_SEARCH_PATHS = "$(inherited) @executable_path/Frameworks @loader_path/Frameworks";
				MTL_ENABLE_DEBUG_INFO = NO;
				PRODUCT_BUNDLE_IDENTIFIER = io.barracks.client;
				PRODUCT_NAME = Barracks;
				SDKROOT = iphoneos;
				SKIP_INSTALL = YES;
				SWIFT_VERSION = 3.0;
				TARGETED_DEVICE_FAMILY = "1,2";
				VALIDATE_PRODUCT = YES;
				VERSIONING_SYSTEM = "apple-generic";
				VERSION_INFO_PREFIX = "";
			};
			name = Release;
		};
		39090CF71CBEA17C006FA104 /* Debug */ = {
			isa = XCBuildConfiguration;
			baseConfigurationReference = 6CAD72F1B679C67E2712ED07 /* Pods-Barracks iOS-Barracks iOS Tests.debug.xcconfig */;
			buildSettings = {
				ALWAYS_EMBED_SWIFT_STANDARD_LIBRARIES = YES;
				ALWAYS_SEARCH_USER_PATHS = NO;
				CLANG_ANALYZER_NONNULL = YES;
				CLANG_CXX_LANGUAGE_STANDARD = "gnu++0x";
				CLANG_CXX_LIBRARY = "libc++";
				CLANG_ENABLE_MODULES = YES;
				CLANG_ENABLE_OBJC_ARC = YES;
				CLANG_WARN_BOOL_CONVERSION = YES;
				CLANG_WARN_CONSTANT_CONVERSION = YES;
				CLANG_WARN_DIRECT_OBJC_ISA_USAGE = YES_ERROR;
				CLANG_WARN_EMPTY_BODY = YES;
				CLANG_WARN_ENUM_CONVERSION = YES;
				CLANG_WARN_INT_CONVERSION = YES;
				CLANG_WARN_OBJC_ROOT_CLASS = YES_ERROR;
				CLANG_WARN_UNREACHABLE_CODE = YES;
				CLANG_WARN__DUPLICATE_METHOD_MATCH = YES;
				"CODE_SIGN_IDENTITY[sdk=iphoneos*]" = "iPhone Developer";
				COPY_PHASE_STRIP = NO;
				DEBUG_INFORMATION_FORMAT = dwarf;
				ENABLE_STRICT_OBJC_MSGSEND = YES;
				ENABLE_TESTABILITY = YES;
				GCC_C_LANGUAGE_STANDARD = gnu99;
				GCC_DYNAMIC_NO_PIC = NO;
				GCC_NO_COMMON_BLOCKS = YES;
				GCC_OPTIMIZATION_LEVEL = 0;
				GCC_PREPROCESSOR_DEFINITIONS = (
					"DEBUG=1",
					"$(inherited)",
				);
				GCC_WARN_64_TO_32_BIT_CONVERSION = YES;
				GCC_WARN_ABOUT_RETURN_TYPE = YES_ERROR;
				GCC_WARN_UNDECLARED_SELECTOR = YES;
				GCC_WARN_UNINITIALIZED_AUTOS = YES_AGGRESSIVE;
				GCC_WARN_UNUSED_FUNCTION = YES;
				GCC_WARN_UNUSED_VARIABLE = YES;
				INFOPLIST_FILE = "Client/Supporting Files/Info.plist";
				IPHONEOS_DEPLOYMENT_TARGET = 9.3;
				LD_RUNPATH_SEARCH_PATHS = "$(inherited) @executable_path/Frameworks @loader_path/Frameworks";
				MTL_ENABLE_DEBUG_INFO = YES;
				ONLY_ACTIVE_ARCH = YES;
				PRODUCT_BUNDLE_IDENTIFIER = "io.barracks.Barracks-iOSTests";
				PRODUCT_NAME = "$(TARGET_NAME)";
				SDKROOT = iphoneos;
				SWIFT_OPTIMIZATION_LEVEL = "-Onone";
				SWIFT_VERSION = 3.0;
			};
			name = Debug;
		};
		39090CF81CBEA17C006FA104 /* Release */ = {
			isa = XCBuildConfiguration;
			baseConfigurationReference = 0126B6C204A087C694777392 /* Pods-Barracks iOS-Barracks iOS Tests.release.xcconfig */;
			buildSettings = {
				ALWAYS_EMBED_SWIFT_STANDARD_LIBRARIES = YES;
				ALWAYS_SEARCH_USER_PATHS = NO;
				CLANG_ANALYZER_NONNULL = YES;
				CLANG_CXX_LANGUAGE_STANDARD = "gnu++0x";
				CLANG_CXX_LIBRARY = "libc++";
				CLANG_ENABLE_MODULES = YES;
				CLANG_ENABLE_OBJC_ARC = YES;
				CLANG_WARN_BOOL_CONVERSION = YES;
				CLANG_WARN_CONSTANT_CONVERSION = YES;
				CLANG_WARN_DIRECT_OBJC_ISA_USAGE = YES_ERROR;
				CLANG_WARN_EMPTY_BODY = YES;
				CLANG_WARN_ENUM_CONVERSION = YES;
				CLANG_WARN_INT_CONVERSION = YES;
				CLANG_WARN_OBJC_ROOT_CLASS = YES_ERROR;
				CLANG_WARN_UNREACHABLE_CODE = YES;
				CLANG_WARN__DUPLICATE_METHOD_MATCH = YES;
				"CODE_SIGN_IDENTITY[sdk=iphoneos*]" = "iPhone Developer";
				COPY_PHASE_STRIP = NO;
				DEBUG_INFORMATION_FORMAT = "dwarf-with-dsym";
				ENABLE_NS_ASSERTIONS = NO;
				ENABLE_STRICT_OBJC_MSGSEND = YES;
				GCC_C_LANGUAGE_STANDARD = gnu99;
				GCC_NO_COMMON_BLOCKS = YES;
				GCC_WARN_64_TO_32_BIT_CONVERSION = YES;
				GCC_WARN_ABOUT_RETURN_TYPE = YES_ERROR;
				GCC_WARN_UNDECLARED_SELECTOR = YES;
				GCC_WARN_UNINITIALIZED_AUTOS = YES_AGGRESSIVE;
				GCC_WARN_UNUSED_FUNCTION = YES;
				GCC_WARN_UNUSED_VARIABLE = YES;
				INFOPLIST_FILE = "Client/Supporting Files/Info.plist";
				IPHONEOS_DEPLOYMENT_TARGET = 9.3;
				LD_RUNPATH_SEARCH_PATHS = "$(inherited) @executable_path/Frameworks @loader_path/Frameworks";
				MTL_ENABLE_DEBUG_INFO = NO;
				PRODUCT_BUNDLE_IDENTIFIER = "io.barracks.Barracks-iOSTests";
				PRODUCT_NAME = "$(TARGET_NAME)";
				SDKROOT = iphoneos;
				SWIFT_VERSION = 3.0;
				VALIDATE_PRODUCT = YES;
			};
			name = Release;
		};
		39090D101CBEA1A5006FA104 /* Debug */ = {
			isa = XCBuildConfiguration;
			baseConfigurationReference = 596109C8F1001A2A7F95A37E /* Pods-Barracks OSX.debug.xcconfig */;
			buildSettings = {
				ALWAYS_EMBED_SWIFT_STANDARD_LIBRARIES = "$(inherited)";
				ALWAYS_SEARCH_USER_PATHS = NO;
				CLANG_ALLOW_NON_MODULAR_INCLUDES_IN_FRAMEWORK_MODULES = NO;
				CLANG_ANALYZER_NONNULL = YES;
				CLANG_CXX_LANGUAGE_STANDARD = "gnu++0x";
				CLANG_CXX_LIBRARY = "libc++";
				CLANG_ENABLE_MODULES = YES;
				CLANG_ENABLE_OBJC_ARC = YES;
				CLANG_WARN_BOOL_CONVERSION = YES;
				CLANG_WARN_CONSTANT_CONVERSION = YES;
				CLANG_WARN_DIRECT_OBJC_ISA_USAGE = YES_ERROR;
				CLANG_WARN_EMPTY_BODY = YES;
				CLANG_WARN_ENUM_CONVERSION = YES;
				CLANG_WARN_INT_CONVERSION = YES;
				CLANG_WARN_OBJC_ROOT_CLASS = YES_ERROR;
				CLANG_WARN_UNREACHABLE_CODE = YES;
				CLANG_WARN__DUPLICATE_METHOD_MATCH = YES;
				CODE_SIGN_IDENTITY = "";
				COMBINE_HIDPI_IMAGES = YES;
				COPY_PHASE_STRIP = NO;
				CURRENT_PROJECT_VERSION = 1;
				DEBUG_INFORMATION_FORMAT = dwarf;
				DEFINES_MODULE = YES;
				DYLIB_COMPATIBILITY_VERSION = 1;
				DYLIB_CURRENT_VERSION = 1;
				DYLIB_INSTALL_NAME_BASE = "@rpath";
				ENABLE_STRICT_OBJC_MSGSEND = YES;
				ENABLE_TESTABILITY = YES;
				FRAMEWORK_VERSION = A;
				GCC_C_LANGUAGE_STANDARD = gnu99;
				GCC_DYNAMIC_NO_PIC = NO;
				GCC_NO_COMMON_BLOCKS = YES;
				GCC_OPTIMIZATION_LEVEL = 0;
				GCC_PREPROCESSOR_DEFINITIONS = (
					"DEBUG=1",
					"$(inherited)",
				);
				GCC_WARN_64_TO_32_BIT_CONVERSION = YES;
				GCC_WARN_ABOUT_RETURN_TYPE = YES_ERROR;
				GCC_WARN_UNDECLARED_SELECTOR = YES;
				GCC_WARN_UNINITIALIZED_AUTOS = YES_AGGRESSIVE;
				GCC_WARN_UNUSED_FUNCTION = YES;
				GCC_WARN_UNUSED_VARIABLE = YES;
				INFOPLIST_FILE = "Client/Supporting Files/Info.plist";
				INSTALL_PATH = "$(LOCAL_LIBRARY_DIR)/Frameworks";
				LD_RUNPATH_SEARCH_PATHS = "$(inherited) @executable_path/../Frameworks @loader_path/Frameworks";
				MACOSX_DEPLOYMENT_TARGET = 10.11;
				MTL_ENABLE_DEBUG_INFO = YES;
				ONLY_ACTIVE_ARCH = YES;
				PRODUCT_BUNDLE_IDENTIFIER = io.barracks.client;
				PRODUCT_NAME = Barracks;
				SDKROOT = macosx;
				SKIP_INSTALL = YES;
				SWIFT_OPTIMIZATION_LEVEL = "-Onone";
				SWIFT_VERSION = 3.0;
				VERSIONING_SYSTEM = "apple-generic";
				VERSION_INFO_PREFIX = "";
			};
			name = Debug;
		};
		39090D111CBEA1A5006FA104 /* Release */ = {
			isa = XCBuildConfiguration;
			baseConfigurationReference = 7D158F2E7A43C797CB721010 /* Pods-Barracks OSX.release.xcconfig */;
			buildSettings = {
				ALWAYS_EMBED_SWIFT_STANDARD_LIBRARIES = "$(inherited)";
				ALWAYS_SEARCH_USER_PATHS = NO;
				CLANG_ALLOW_NON_MODULAR_INCLUDES_IN_FRAMEWORK_MODULES = NO;
				CLANG_ANALYZER_NONNULL = YES;
				CLANG_CXX_LANGUAGE_STANDARD = "gnu++0x";
				CLANG_CXX_LIBRARY = "libc++";
				CLANG_ENABLE_MODULES = YES;
				CLANG_ENABLE_OBJC_ARC = YES;
				CLANG_WARN_BOOL_CONVERSION = YES;
				CLANG_WARN_CONSTANT_CONVERSION = YES;
				CLANG_WARN_DIRECT_OBJC_ISA_USAGE = YES_ERROR;
				CLANG_WARN_EMPTY_BODY = YES;
				CLANG_WARN_ENUM_CONVERSION = YES;
				CLANG_WARN_INT_CONVERSION = YES;
				CLANG_WARN_OBJC_ROOT_CLASS = YES_ERROR;
				CLANG_WARN_UNREACHABLE_CODE = YES;
				CLANG_WARN__DUPLICATE_METHOD_MATCH = YES;
				CODE_SIGN_IDENTITY = "";
				COMBINE_HIDPI_IMAGES = YES;
				COPY_PHASE_STRIP = NO;
				CURRENT_PROJECT_VERSION = 1;
				DEBUG_INFORMATION_FORMAT = "dwarf-with-dsym";
				DEFINES_MODULE = YES;
				DYLIB_COMPATIBILITY_VERSION = 1;
				DYLIB_CURRENT_VERSION = 1;
				DYLIB_INSTALL_NAME_BASE = "@rpath";
				ENABLE_NS_ASSERTIONS = NO;
				ENABLE_STRICT_OBJC_MSGSEND = YES;
				FRAMEWORK_VERSION = A;
				GCC_C_LANGUAGE_STANDARD = gnu99;
				GCC_NO_COMMON_BLOCKS = YES;
				GCC_WARN_64_TO_32_BIT_CONVERSION = YES;
				GCC_WARN_ABOUT_RETURN_TYPE = YES_ERROR;
				GCC_WARN_UNDECLARED_SELECTOR = YES;
				GCC_WARN_UNINITIALIZED_AUTOS = YES_AGGRESSIVE;
				GCC_WARN_UNUSED_FUNCTION = YES;
				GCC_WARN_UNUSED_VARIABLE = YES;
				INFOPLIST_FILE = "Client/Supporting Files/Info.plist";
				INSTALL_PATH = "$(LOCAL_LIBRARY_DIR)/Frameworks";
				LD_RUNPATH_SEARCH_PATHS = "$(inherited) @executable_path/../Frameworks @loader_path/Frameworks";
				MACOSX_DEPLOYMENT_TARGET = 10.11;
				MTL_ENABLE_DEBUG_INFO = NO;
				PRODUCT_BUNDLE_IDENTIFIER = io.barracks.client;
				PRODUCT_NAME = Barracks;
				SDKROOT = macosx;
				SKIP_INSTALL = YES;
				SWIFT_VERSION = 3.0;
				VERSIONING_SYSTEM = "apple-generic";
				VERSION_INFO_PREFIX = "";
			};
			name = Release;
		};
		396729801CC57D090099D71C /* Debug */ = {
			isa = XCBuildConfiguration;
			baseConfigurationReference = E1BF5728A912E95E79F5491F /* Pods-Barracks OSX-Barracks OSX Tests.debug.xcconfig */;
			buildSettings = {
				ALWAYS_EMBED_SWIFT_STANDARD_LIBRARIES = YES;
				ALWAYS_SEARCH_USER_PATHS = NO;
				CLANG_ANALYZER_NONNULL = YES;
				CLANG_CXX_LANGUAGE_STANDARD = "gnu++0x";
				CLANG_CXX_LIBRARY = "libc++";
				CLANG_ENABLE_MODULES = YES;
				CLANG_ENABLE_OBJC_ARC = YES;
				CLANG_WARN_BOOL_CONVERSION = YES;
				CLANG_WARN_CONSTANT_CONVERSION = YES;
				CLANG_WARN_DIRECT_OBJC_ISA_USAGE = YES_ERROR;
				CLANG_WARN_EMPTY_BODY = YES;
				CLANG_WARN_ENUM_CONVERSION = YES;
				CLANG_WARN_INT_CONVERSION = YES;
				CLANG_WARN_OBJC_ROOT_CLASS = YES_ERROR;
				CLANG_WARN_UNREACHABLE_CODE = YES;
				CLANG_WARN__DUPLICATE_METHOD_MATCH = YES;
				CODE_SIGN_IDENTITY = "-";
				COMBINE_HIDPI_IMAGES = YES;
				COPY_PHASE_STRIP = NO;
				DEBUG_INFORMATION_FORMAT = dwarf;
				ENABLE_STRICT_OBJC_MSGSEND = YES;
				GCC_C_LANGUAGE_STANDARD = gnu99;
				GCC_DYNAMIC_NO_PIC = NO;
				GCC_NO_COMMON_BLOCKS = YES;
				GCC_OPTIMIZATION_LEVEL = 0;
				GCC_PREPROCESSOR_DEFINITIONS = (
					"DEBUG=1",
					"$(inherited)",
				);
				GCC_WARN_64_TO_32_BIT_CONVERSION = YES;
				GCC_WARN_ABOUT_RETURN_TYPE = YES_ERROR;
				GCC_WARN_UNDECLARED_SELECTOR = YES;
				GCC_WARN_UNINITIALIZED_AUTOS = YES_AGGRESSIVE;
				GCC_WARN_UNUSED_FUNCTION = YES;
				GCC_WARN_UNUSED_VARIABLE = YES;
				INFOPLIST_FILE = "Client/Supporting Files/Info.plist";
				LD_RUNPATH_SEARCH_PATHS = "$(inherited) @executable_path/../Frameworks @loader_path/../Frameworks";
				MACOSX_DEPLOYMENT_TARGET = 10.11;
				MTL_ENABLE_DEBUG_INFO = YES;
				PRODUCT_BUNDLE_IDENTIFIER = "io.barracks.Barracks-OSX-Tests";
				PRODUCT_NAME = "$(TARGET_NAME)";
				SDKROOT = macosx;
				SWIFT_OPTIMIZATION_LEVEL = "-Onone";
				SWIFT_VERSION = 3.0;
			};
			name = Debug;
		};
		396729811CC57D090099D71C /* Release */ = {
			isa = XCBuildConfiguration;
			baseConfigurationReference = BAB0720CC89161B3A9A5AA32 /* Pods-Barracks OSX-Barracks OSX Tests.release.xcconfig */;
			buildSettings = {
				ALWAYS_EMBED_SWIFT_STANDARD_LIBRARIES = YES;
				ALWAYS_SEARCH_USER_PATHS = NO;
				CLANG_ANALYZER_NONNULL = YES;
				CLANG_CXX_LANGUAGE_STANDARD = "gnu++0x";
				CLANG_CXX_LIBRARY = "libc++";
				CLANG_ENABLE_MODULES = YES;
				CLANG_ENABLE_OBJC_ARC = YES;
				CLANG_WARN_BOOL_CONVERSION = YES;
				CLANG_WARN_CONSTANT_CONVERSION = YES;
				CLANG_WARN_DIRECT_OBJC_ISA_USAGE = YES_ERROR;
				CLANG_WARN_EMPTY_BODY = YES;
				CLANG_WARN_ENUM_CONVERSION = YES;
				CLANG_WARN_INT_CONVERSION = YES;
				CLANG_WARN_OBJC_ROOT_CLASS = YES_ERROR;
				CLANG_WARN_UNREACHABLE_CODE = YES;
				CLANG_WARN__DUPLICATE_METHOD_MATCH = YES;
				CODE_SIGN_IDENTITY = "-";
				COMBINE_HIDPI_IMAGES = YES;
				COPY_PHASE_STRIP = NO;
				DEBUG_INFORMATION_FORMAT = "dwarf-with-dsym";
				ENABLE_NS_ASSERTIONS = NO;
				ENABLE_STRICT_OBJC_MSGSEND = YES;
				GCC_C_LANGUAGE_STANDARD = gnu99;
				GCC_NO_COMMON_BLOCKS = YES;
				GCC_WARN_64_TO_32_BIT_CONVERSION = YES;
				GCC_WARN_ABOUT_RETURN_TYPE = YES_ERROR;
				GCC_WARN_UNDECLARED_SELECTOR = YES;
				GCC_WARN_UNINITIALIZED_AUTOS = YES_AGGRESSIVE;
				GCC_WARN_UNUSED_FUNCTION = YES;
				GCC_WARN_UNUSED_VARIABLE = YES;
				INFOPLIST_FILE = "Client/Supporting Files/Info.plist";
				LD_RUNPATH_SEARCH_PATHS = "$(inherited) @executable_path/../Frameworks @loader_path/../Frameworks";
				MACOSX_DEPLOYMENT_TARGET = 10.11;
				MTL_ENABLE_DEBUG_INFO = NO;
				PRODUCT_BUNDLE_IDENTIFIER = "io.barracks.Barracks-OSX-Tests";
				PRODUCT_NAME = "$(TARGET_NAME)";
				SDKROOT = macosx;
				SWIFT_VERSION = 3.0;
			};
			name = Release;
		};
/* End XCBuildConfiguration section */

/* Begin XCConfigurationList section */
		39090CD91CBEA12F006FA104 /* Build configuration list for PBXProject "BarracksClient" */ = {
			isa = XCConfigurationList;
			buildConfigurations = (
				39090CDA1CBEA12F006FA104 /* Debug */,
				39090CDB1CBEA12F006FA104 /* Release */,
			);
			defaultConfigurationIsVisible = 0;
			defaultConfigurationName = Release;
		};
		39090CF31CBEA17C006FA104 /* Build configuration list for PBXNativeTarget "Barracks iOS" */ = {
			isa = XCConfigurationList;
			buildConfigurations = (
				39090CF41CBEA17C006FA104 /* Debug */,
				39090CF51CBEA17C006FA104 /* Release */,
			);
			defaultConfigurationIsVisible = 0;
			defaultConfigurationName = Release;
		};
		39090CF61CBEA17C006FA104 /* Build configuration list for PBXNativeTarget "Barracks iOS Tests" */ = {
			isa = XCConfigurationList;
			buildConfigurations = (
				39090CF71CBEA17C006FA104 /* Debug */,
				39090CF81CBEA17C006FA104 /* Release */,
			);
			defaultConfigurationIsVisible = 0;
			defaultConfigurationName = Release;
		};
		39090D0F1CBEA1A5006FA104 /* Build configuration list for PBXNativeTarget "Barracks OSX" */ = {
			isa = XCConfigurationList;
			buildConfigurations = (
				39090D101CBEA1A5006FA104 /* Debug */,
				39090D111CBEA1A5006FA104 /* Release */,
			);
			defaultConfigurationIsVisible = 0;
			defaultConfigurationName = Release;
		};
		3967297F1CC57D090099D71C /* Build configuration list for PBXNativeTarget "Barracks OSX Tests" */ = {
			isa = XCConfigurationList;
			buildConfigurations = (
				396729801CC57D090099D71C /* Debug */,
				396729811CC57D090099D71C /* Release */,
			);
			defaultConfigurationIsVisible = 0;
			defaultConfigurationName = Release;
		};
/* End XCConfigurationList section */
	};
	rootObject = 39090CD61CBEA12F006FA104 /* Project object */;
}
