// !$*UTF8*$!
{
	archiveVersion = 1;
	classes = {
	};
	objectVersion = 46;
	objects = {

/* Begin PBXBuildFile section */
		28CC4D7EFBA221A7A1056FBF /* Pods_Barracks_iOS_Barracks_iOSTests.framework in Frameworks */ = {isa = PBXBuildFile; fileRef = 2A1E24107CB8D82F234EB7C0 /* Pods_Barracks_iOS_Barracks_iOSTests.framework */; };
		291FF9F7048D932434ADBB70 /* Pods_Barracks_OSX.framework in Frameworks */ = {isa = PBXBuildFile; fileRef = D3A74100FD5B262494A90C90 /* Pods_Barracks_OSX.framework */; };
		39090CEC1CBEA17C006FA104 /* Barracks.framework in Frameworks */ = {isa = PBXBuildFile; fileRef = 39090CE11CBEA17C006FA104 /* Barracks.framework */; };
		39090D5C1CBEC3FE006FA104 /* Podfile in Resources */ = {isa = PBXBuildFile; fileRef = 39090D5B1CBEC3FE006FA104 /* Podfile */; };
		3967297C1CC57D090099D71C /* Barracks.framework in Frameworks */ = {isa = PBXBuildFile; fileRef = 39090CFE1CBEA1A5006FA104 /* Barracks.framework */; };
		396729931CC5837B0099D71C /* Alamofire.framework in CopyFiles */ = {isa = PBXBuildFile; fileRef = 3998135B1CC41E2D000AF010 /* Alamofire.framework */; settings = {ATTRIBUTES = (CodeSignOnCopy, RemoveHeadersOnCopy, ); }; };
		39BB42AD1CBF071400AAF5C9 /* Barracks.podspec in Resources */ = {isa = PBXBuildFile; fileRef = 39BB42AC1CBF071400AAF5C9 /* Barracks.podspec */; };
		39C3A1891CC578CF004E8725 /* Barracks.podspec in Resources */ = {isa = PBXBuildFile; fileRef = 39BB42AC1CBF071400AAF5C9 /* Barracks.podspec */; };
		39C3A18A1CC578CF004E8725 /* Podfile in Resources */ = {isa = PBXBuildFile; fileRef = 39090D5B1CBEC3FE006FA104 /* Podfile */; };
		39D1DB691CE23AEB0040A04B /* Barracks.h in Headers */ = {isa = PBXBuildFile; fileRef = 39D1DB671CE23AEB0040A04B /* Barracks.h */; };
		39D1DB6A1CE23AEB0040A04B /* Info.plist in Resources */ = {isa = PBXBuildFile; fileRef = 39D1DB681CE23AEB0040A04B /* Info.plist */; };
		39D1DB6D1CE23AF50040A04B /* firmware.jpg in Resources */ = {isa = PBXBuildFile; fileRef = 39D1DB6B1CE23AF50040A04B /* firmware.jpg */; };
		39D1DB6E1CE23AF50040A04B /* update_check_response_success.json in Resources */ = {isa = PBXBuildFile; fileRef = 39D1DB6C1CE23AF50040A04B /* update_check_response_success.json */; };
		39D1DB811CE23B320040A04B /* BarracksClient.swift in Sources */ = {isa = PBXBuildFile; fileRef = 39D1DB711CE23B160040A04B /* BarracksClient.swift */; };
		39D1DB821CE23B320040A04B /* CheckUpdate.swift in Sources */ = {isa = PBXBuildFile; fileRef = 39D1DB721CE23B160040A04B /* CheckUpdate.swift */; };
		39D1DB831CE23B320040A04B /* DownloadPackage.swift in Sources */ = {isa = PBXBuildFile; fileRef = 39D1DB731CE23B160040A04B /* DownloadPackage.swift */; };
		39D1DB841CE23B320040A04B /* PackageDownloadCallback.swift in Sources */ = {isa = PBXBuildFile; fileRef = 39D1DB741CE23B160040A04B /* PackageDownloadCallback.swift */; };
		39D1DB851CE23B320040A04B /* PackageInfo.swift in Sources */ = {isa = PBXBuildFile; fileRef = 39D1DB751CE23B160040A04B /* PackageInfo.swift */; };
		39D1DB861CE23B320040A04B /* UpdateCheckCallback.swift in Sources */ = {isa = PBXBuildFile; fileRef = 39D1DB761CE23B160040A04B /* UpdateCheckCallback.swift */; };
		39D1DB871CE23B320040A04B /* UpdateCheckRequest.swift in Sources */ = {isa = PBXBuildFile; fileRef = 39D1DB771CE23B160040A04B /* UpdateCheckRequest.swift */; };
		39D1DB881CE23B320040A04B /* UpdateCheckResponse.swift in Sources */ = {isa = PBXBuildFile; fileRef = 39D1DB781CE23B160040A04B /* UpdateCheckResponse.swift */; };
		44E1527661C9139BEC5C0CC4 /* Pods_Barracks_OSX_Tests.framework in Frameworks */ = {isa = PBXBuildFile; fileRef = 79A7853FC89D27C0FC4412F1 /* Pods_Barracks_OSX_Tests.framework */; };
		6D4E160529EC9525FBF2AF6B /* Pods_Barracks_iOS.framework in Frameworks */ = {isa = PBXBuildFile; fileRef = D739830A62509CDB713375DF /* Pods_Barracks_iOS.framework */; };
/* End PBXBuildFile section */

/* Begin PBXContainerItemProxy section */
		39090CED1CBEA17C006FA104 /* PBXContainerItemProxy */ = {
			isa = PBXContainerItemProxy;
			containerPortal = 39090CD61CBEA12F006FA104 /* Project object */;
			proxyType = 1;
			remoteGlobalIDString = 39090CE01CBEA17C006FA104;
			remoteInfo = "Barracks iOS";
		};
		3959EBC11CC571100084FA72 /* PBXContainerItemProxy */ = {
			isa = PBXContainerItemProxy;
			containerPortal = 399813511CC41E2D000AF010 /* Pods.xcodeproj */;
			proxyType = 2;
			remoteGlobalIDString = 3AE5980C7D5BDF8E53DB6D05444A7472;
			remoteInfo = "Pods-Barracks iOS-Barracks iOSTests";
		};
		3967297D1CC57D090099D71C /* PBXContainerItemProxy */ = {
			isa = PBXContainerItemProxy;
			containerPortal = 39090CD61CBEA12F006FA104 /* Project object */;
			proxyType = 1;
			remoteGlobalIDString = 39090CFD1CBEA1A5006FA104;
			remoteInfo = "Barracks OSX";
		};
		396729AF1CC6DE730099D71C /* PBXContainerItemProxy */ = {
			isa = PBXContainerItemProxy;
			containerPortal = 399813511CC41E2D000AF010 /* Pods.xcodeproj */;
			proxyType = 2;
			remoteGlobalIDString = BA8D074269666E05752CA9AAD7D3FEED;
			remoteInfo = Barracks;
		};
		396729B11CC6DE730099D71C /* PBXContainerItemProxy */ = {
			isa = PBXContainerItemProxy;
			containerPortal = 399813511CC41E2D000AF010 /* Pods.xcodeproj */;
			proxyType = 2;
			remoteGlobalIDString = CD90AC301E1F943BB53157E71281B2AD;
			remoteInfo = "Pods-OSXExample";
		};
		399813581CC41E2D000AF010 /* PBXContainerItemProxy */ = {
			isa = PBXContainerItemProxy;
			containerPortal = 399813511CC41E2D000AF010 /* Pods.xcodeproj */;
			proxyType = 2;
			remoteGlobalIDString = 77E8C611A5D0D109B922B6C0B5BE8BE8;
			remoteInfo = "Alamofire-iOS";
		};
		3998135A1CC41E2D000AF010 /* PBXContainerItemProxy */ = {
			isa = PBXContainerItemProxy;
			containerPortal = 399813511CC41E2D000AF010 /* Pods.xcodeproj */;
			proxyType = 2;
			remoteGlobalIDString = B24C24FA56B6D7CC780E7FD54745838B;
			remoteInfo = "Alamofire-OSX";
		};
		3998135C1CC41E2D000AF010 /* PBXContainerItemProxy */ = {
			isa = PBXContainerItemProxy;
			containerPortal = 399813511CC41E2D000AF010 /* Pods.xcodeproj */;
			proxyType = 2;
			remoteGlobalIDString = 591C14A6964E3EC0CB2004FD0A925CD6;
			remoteInfo = "Pods-Barracks iOS";
		};
		3998135E1CC41E2D000AF010 /* PBXContainerItemProxy */ = {
			isa = PBXContainerItemProxy;
			containerPortal = 399813511CC41E2D000AF010 /* Pods.xcodeproj */;
			proxyType = 2;
			remoteGlobalIDString = 8EF2FBFBFA0F01244CC28E2865A83BEC;
			remoteInfo = "Pods-Barracks OSX";
		};
		399813771CC55A0F000AF010 /* PBXContainerItemProxy */ = {
			isa = PBXContainerItemProxy;
			containerPortal = 399813511CC41E2D000AF010 /* Pods.xcodeproj */;
			proxyType = 2;
			remoteGlobalIDString = B22234106C5399FFA9343F0B69B271E7;
			remoteInfo = "OHHTTPStubs-iOS";
		};
		399813791CC55A0F000AF010 /* PBXContainerItemProxy */ = {
			isa = PBXContainerItemProxy;
			containerPortal = 399813511CC41E2D000AF010 /* Pods.xcodeproj */;
			proxyType = 2;
			remoteGlobalIDString = 938E28E0ED06DF610DC3974B5A4CF5E1;
			remoteInfo = "OHHTTPStubs-OSX";
		};
		39E743631CC57EB00026B854 /* PBXContainerItemProxy */ = {
			isa = PBXContainerItemProxy;
			containerPortal = 399813511CC41E2D000AF010 /* Pods.xcodeproj */;
			proxyType = 2;
			remoteGlobalIDString = 983B062D3BC5F17C9CBDD9540BA6F2A4;
			remoteInfo = "Pods-Barracks OSX Tests";
		};
/* End PBXContainerItemProxy section */

/* Begin PBXCopyFilesBuildPhase section */
		3967298F1CC5821A0099D71C /* CopyFiles */ = {
			isa = PBXCopyFilesBuildPhase;
			buildActionMask = 2147483647;
			dstPath = "";
			dstSubfolderSpec = 10;
			files = (
				396729931CC5837B0099D71C /* Alamofire.framework in CopyFiles */,
			);
			runOnlyForDeploymentPostprocessing = 0;
		};
/* End PBXCopyFilesBuildPhase section */

/* Begin PBXFileReference section */
		06A13A40CB65D6B49D9451C4 /* Pods-Barracks OSX Tests.release.xcconfig */ = {isa = PBXFileReference; includeInIndex = 1; lastKnownFileType = text.xcconfig; name = "Pods-Barracks OSX Tests.release.xcconfig"; path = "Pods/Target Support Files/Pods-Barracks OSX Tests/Pods-Barracks OSX Tests.release.xcconfig"; sourceTree = "<group>"; };
		262783EC4DC50F32D4FA216B /* Pods_Barracks_OSXTests.framework */ = {isa = PBXFileReference; explicitFileType = wrapper.framework; includeInIndex = 0; path = Pods_Barracks_OSXTests.framework; sourceTree = BUILT_PRODUCTS_DIR; };
		2A1E24107CB8D82F234EB7C0 /* Pods_Barracks_iOS_Barracks_iOSTests.framework */ = {isa = PBXFileReference; explicitFileType = wrapper.framework; includeInIndex = 0; path = Pods_Barracks_iOS_Barracks_iOSTests.framework; sourceTree = BUILT_PRODUCTS_DIR; };
		39090CE11CBEA17C006FA104 /* Barracks.framework */ = {isa = PBXFileReference; explicitFileType = wrapper.framework; includeInIndex = 0; path = Barracks.framework; sourceTree = BUILT_PRODUCTS_DIR; };
		39090CEB1CBEA17C006FA104 /* Barracks iOSTests.xctest */ = {isa = PBXFileReference; explicitFileType = wrapper.cfbundle; includeInIndex = 0; path = "Barracks iOSTests.xctest"; sourceTree = BUILT_PRODUCTS_DIR; };
		39090CFE1CBEA1A5006FA104 /* Barracks.framework */ = {isa = PBXFileReference; explicitFileType = wrapper.framework; includeInIndex = 0; path = Barracks.framework; sourceTree = BUILT_PRODUCTS_DIR; };
		39090D5B1CBEC3FE006FA104 /* Podfile */ = {isa = PBXFileReference; fileEncoding = 4; lastKnownFileType = text; path = Podfile; sourceTree = "<group>"; xcLanguageSpecificationIdentifier = xcode.lang.ruby; };
		394DC53D1CC4041600009168 /* Alamofire.framework */ = {isa = PBXFileReference; lastKnownFileType = wrapper.framework; name = Alamofire.framework; path = "../../../Library/Developer/Xcode/DerivedData/BarracksClient-ekwgxcshjqooychbevgwjpvyezku/Build/Products/Debug/Alamofire-OSX/Alamofire.framework"; sourceTree = "<group>"; };
		396729771CC57D090099D71C /* Barracks OSX Tests.xctest */ = {isa = PBXFileReference; explicitFileType = wrapper.cfbundle; includeInIndex = 0; path = "Barracks OSX Tests.xctest"; sourceTree = BUILT_PRODUCTS_DIR; };
		399813511CC41E2D000AF010 /* Pods.xcodeproj */ = {isa = PBXFileReference; lastKnownFileType = "wrapper.pb-project"; name = Pods.xcodeproj; path = Pods/Pods.xcodeproj; sourceTree = "<group>"; };
		39BB42AC1CBF071400AAF5C9 /* Barracks.podspec */ = {isa = PBXFileReference; fileEncoding = 4; lastKnownFileType = text; path = Barracks.podspec; sourceTree = "<group>"; };
		39D1DB671CE23AEB0040A04B /* Barracks.h */ = {isa = PBXFileReference; fileEncoding = 4; lastKnownFileType = sourcecode.c.h; name = Barracks.h; path = "Client/Supporting Files/Barracks.h"; sourceTree = "<group>"; };
		39D1DB681CE23AEB0040A04B /* Info.plist */ = {isa = PBXFileReference; fileEncoding = 4; lastKnownFileType = text.plist.xml; name = Info.plist; path = "Client/Supporting Files/Info.plist"; sourceTree = "<group>"; };
		39D1DB6B1CE23AF50040A04B /* firmware.jpg */ = {isa = PBXFileReference; lastKnownFileType = image.jpeg; name = firmware.jpg; path = Client/Tests/Stubs/firmware.jpg; sourceTree = "<group>"; };
		39D1DB6C1CE23AF50040A04B /* update_check_response_success.json */ = {isa = PBXFileReference; fileEncoding = 4; lastKnownFileType = text.json; name = update_check_response_success.json; path = Client/Tests/Stubs/update_check_response_success.json; sourceTree = "<group>"; };
		39D1DB6F1CE23B080040A04B /* BarracksClientTest.swift */ = {isa = PBXFileReference; fileEncoding = 4; lastKnownFileType = sourcecode.swift; name = BarracksClientTest.swift; path = Client/Tests/BarracksClientTest.swift; sourceTree = "<group>"; };
		39D1DB711CE23B160040A04B /* BarracksClient.swift */ = {isa = PBXFileReference; fileEncoding = 4; lastKnownFileType = sourcecode.swift; name = BarracksClient.swift; path = Client/Source/BarracksClient.swift; sourceTree = "<group>"; };
		39D1DB721CE23B160040A04B /* CheckUpdate.swift */ = {isa = PBXFileReference; fileEncoding = 4; lastKnownFileType = sourcecode.swift; name = CheckUpdate.swift; path = Client/Source/CheckUpdate.swift; sourceTree = "<group>"; };
		39D1DB731CE23B160040A04B /* DownloadPackage.swift */ = {isa = PBXFileReference; fileEncoding = 4; lastKnownFileType = sourcecode.swift; name = DownloadPackage.swift; path = Client/Source/DownloadPackage.swift; sourceTree = "<group>"; };
		39D1DB741CE23B160040A04B /* PackageDownloadCallback.swift */ = {isa = PBXFileReference; fileEncoding = 4; lastKnownFileType = sourcecode.swift; name = PackageDownloadCallback.swift; path = Client/Source/PackageDownloadCallback.swift; sourceTree = "<group>"; };
		39D1DB751CE23B160040A04B /* PackageInfo.swift */ = {isa = PBXFileReference; fileEncoding = 4; lastKnownFileType = sourcecode.swift; name = PackageInfo.swift; path = Client/Source/PackageInfo.swift; sourceTree = "<group>"; };
		39D1DB761CE23B160040A04B /* UpdateCheckCallback.swift */ = {isa = PBXFileReference; fileEncoding = 4; lastKnownFileType = sourcecode.swift; name = UpdateCheckCallback.swift; path = Client/Source/UpdateCheckCallback.swift; sourceTree = "<group>"; };
		39D1DB771CE23B160040A04B /* UpdateCheckRequest.swift */ = {isa = PBXFileReference; fileEncoding = 4; lastKnownFileType = sourcecode.swift; name = UpdateCheckRequest.swift; path = Client/Source/UpdateCheckRequest.swift; sourceTree = "<group>"; };
		39D1DB781CE23B160040A04B /* UpdateCheckResponse.swift */ = {isa = PBXFileReference; fileEncoding = 4; lastKnownFileType = sourcecode.swift; name = UpdateCheckResponse.swift; path = Client/Source/UpdateCheckResponse.swift; sourceTree = "<group>"; };
		40E8B52DD845ABFD049D9510 /* Pods-Barracks iOS-Barracks iOSTests.debug.xcconfig */ = {isa = PBXFileReference; includeInIndex = 1; lastKnownFileType = text.xcconfig; name = "Pods-Barracks iOS-Barracks iOSTests.debug.xcconfig"; path = "Pods/Target Support Files/Pods-Barracks iOS-Barracks iOSTests/Pods-Barracks iOS-Barracks iOSTests.debug.xcconfig"; sourceTree = "<group>"; };
		584B6060F023C897B61DF466 /* Pods-Barracks OSX.release.xcconfig */ = {isa = PBXFileReference; includeInIndex = 1; lastKnownFileType = text.xcconfig; name = "Pods-Barracks OSX.release.xcconfig"; path = "Pods/Target Support Files/Pods-Barracks OSX/Pods-Barracks OSX.release.xcconfig"; sourceTree = "<group>"; };
		79A7853FC89D27C0FC4412F1 /* Pods_Barracks_OSX_Tests.framework */ = {isa = PBXFileReference; explicitFileType = wrapper.framework; includeInIndex = 0; path = Pods_Barracks_OSX_Tests.framework; sourceTree = BUILT_PRODUCTS_DIR; };
		835AE9664F631F0DDD08C64F /* Pods-Barracks OSXTests.release.xcconfig */ = {isa = PBXFileReference; includeInIndex = 1; lastKnownFileType = text.xcconfig; name = "Pods-Barracks OSXTests.release.xcconfig"; path = "Pods/Target Support Files/Pods-Barracks OSXTests/Pods-Barracks OSXTests.release.xcconfig"; sourceTree = "<group>"; };
		A24C822C7E9FB15C23FB552D /* Pods-Barracks iOS.debug.xcconfig */ = {isa = PBXFileReference; includeInIndex = 1; lastKnownFileType = text.xcconfig; name = "Pods-Barracks iOS.debug.xcconfig"; path = "Pods/Target Support Files/Pods-Barracks iOS/Pods-Barracks iOS.debug.xcconfig"; sourceTree = "<group>"; };
		B36C217F7EDF9D7B2BA7154C /* Pods-Barracks OSXTests.debug.xcconfig */ = {isa = PBXFileReference; includeInIndex = 1; lastKnownFileType = text.xcconfig; name = "Pods-Barracks OSXTests.debug.xcconfig"; path = "Pods/Target Support Files/Pods-Barracks OSXTests/Pods-Barracks OSXTests.debug.xcconfig"; sourceTree = "<group>"; };
		D3A74100FD5B262494A90C90 /* Pods_Barracks_OSX.framework */ = {isa = PBXFileReference; explicitFileType = wrapper.framework; includeInIndex = 0; path = Pods_Barracks_OSX.framework; sourceTree = BUILT_PRODUCTS_DIR; };
		D739830A62509CDB713375DF /* Pods_Barracks_iOS.framework */ = {isa = PBXFileReference; explicitFileType = wrapper.framework; includeInIndex = 0; path = Pods_Barracks_iOS.framework; sourceTree = BUILT_PRODUCTS_DIR; };
		DB6460086B5CB0A396A64CD0 /* Pods-Barracks iOS.release.xcconfig */ = {isa = PBXFileReference; includeInIndex = 1; lastKnownFileType = text.xcconfig; name = "Pods-Barracks iOS.release.xcconfig"; path = "Pods/Target Support Files/Pods-Barracks iOS/Pods-Barracks iOS.release.xcconfig"; sourceTree = "<group>"; };
		E00399C84D96F53A39428D4C /* Pods-Barracks iOS-Barracks iOSTests.release.xcconfig */ = {isa = PBXFileReference; includeInIndex = 1; lastKnownFileType = text.xcconfig; name = "Pods-Barracks iOS-Barracks iOSTests.release.xcconfig"; path = "Pods/Target Support Files/Pods-Barracks iOS-Barracks iOSTests/Pods-Barracks iOS-Barracks iOSTests.release.xcconfig"; sourceTree = "<group>"; };
		F09E25A1365E8EEA9E564ACA /* Pods-Barracks OSX Tests.debug.xcconfig */ = {isa = PBXFileReference; includeInIndex = 1; lastKnownFileType = text.xcconfig; name = "Pods-Barracks OSX Tests.debug.xcconfig"; path = "Pods/Target Support Files/Pods-Barracks OSX Tests/Pods-Barracks OSX Tests.debug.xcconfig"; sourceTree = "<group>"; };
		FE327D6129B6B1DF51E390C8 /* Pods-Barracks OSX.debug.xcconfig */ = {isa = PBXFileReference; includeInIndex = 1; lastKnownFileType = text.xcconfig; name = "Pods-Barracks OSX.debug.xcconfig"; path = "Pods/Target Support Files/Pods-Barracks OSX/Pods-Barracks OSX.debug.xcconfig"; sourceTree = "<group>"; };
/* End PBXFileReference section */

/* Begin PBXFrameworksBuildPhase section */
		39090CDD1CBEA17C006FA104 /* Frameworks */ = {
			isa = PBXFrameworksBuildPhase;
			buildActionMask = 2147483647;
			files = (
				6D4E160529EC9525FBF2AF6B /* Pods_Barracks_iOS.framework in Frameworks */,
			);
			runOnlyForDeploymentPostprocessing = 0;
		};
		39090CE81CBEA17C006FA104 /* Frameworks */ = {
			isa = PBXFrameworksBuildPhase;
			buildActionMask = 2147483647;
			files = (
				39090CEC1CBEA17C006FA104 /* Barracks.framework in Frameworks */,
				28CC4D7EFBA221A7A1056FBF /* Pods_Barracks_iOS_Barracks_iOSTests.framework in Frameworks */,
			);
			runOnlyForDeploymentPostprocessing = 0;
		};
		39090CFA1CBEA1A5006FA104 /* Frameworks */ = {
			isa = PBXFrameworksBuildPhase;
			buildActionMask = 2147483647;
			files = (
				291FF9F7048D932434ADBB70 /* Pods_Barracks_OSX.framework in Frameworks */,
			);
			runOnlyForDeploymentPostprocessing = 0;
		};
		396729741CC57D090099D71C /* Frameworks */ = {
			isa = PBXFrameworksBuildPhase;
			buildActionMask = 2147483647;
			files = (
				3967297C1CC57D090099D71C /* Barracks.framework in Frameworks */,
				44E1527661C9139BEC5C0CC4 /* Pods_Barracks_OSX_Tests.framework in Frameworks */,
			);
			runOnlyForDeploymentPostprocessing = 0;
		};
/* End PBXFrameworksBuildPhase section */

/* Begin PBXGroup section */
		39090CD51CBEA12F006FA104 = {
			isa = PBXGroup;
			children = (
				399813511CC41E2D000AF010 /* Pods.xcodeproj */,
				39BB42AC1CBF071400AAF5C9 /* Barracks.podspec */,
				39090D5B1CBEC3FE006FA104 /* Podfile */,
				39090D291CBEB9A7006FA104 /* Supporting Files */,
				39090D2A1CBEB9C2006FA104 /* Tests */,
				39090D281CBEB9A0006FA104 /* Source */,
				39090CE21CBEA17C006FA104 /* Products */,
				A8672AE1E1E60FA579BB9CAC /* Frameworks */,
				E91A3A35B1347DAE52135954 /* Pods */,
			);
			sourceTree = "<group>";
		};
		39090CE21CBEA17C006FA104 /* Products */ = {
			isa = PBXGroup;
			children = (
				39090CE11CBEA17C006FA104 /* Barracks.framework */,
				39090CEB1CBEA17C006FA104 /* Barracks iOSTests.xctest */,
				39090CFE1CBEA1A5006FA104 /* Barracks.framework */,
				396729771CC57D090099D71C /* Barracks OSX Tests.xctest */,
			);
			name = Products;
			sourceTree = "<group>";
		};
		39090D281CBEB9A0006FA104 /* Source */ = {
			isa = PBXGroup;
			children = (
				39D1DB711CE23B160040A04B /* BarracksClient.swift */,
				39D1DB721CE23B160040A04B /* CheckUpdate.swift */,
				39D1DB731CE23B160040A04B /* DownloadPackage.swift */,
				39D1DB741CE23B160040A04B /* PackageDownloadCallback.swift */,
				39D1DB751CE23B160040A04B /* PackageInfo.swift */,
				39D1DB761CE23B160040A04B /* UpdateCheckCallback.swift */,
				39D1DB771CE23B160040A04B /* UpdateCheckRequest.swift */,
				39D1DB781CE23B160040A04B /* UpdateCheckResponse.swift */,
			);
			name = Source;
			sourceTree = "<group>";
		};
		39090D291CBEB9A7006FA104 /* Supporting Files */ = {
			isa = PBXGroup;
			children = (
				39D1DB671CE23AEB0040A04B /* Barracks.h */,
				39D1DB681CE23AEB0040A04B /* Info.plist */,
			);
			name = "Supporting Files";
			sourceTree = "<group>";
		};
		39090D2A1CBEB9C2006FA104 /* Tests */ = {
			isa = PBXGroup;
			children = (
				39D1DB6F1CE23B080040A04B /* BarracksClientTest.swift */,
				396729A41CC6DE730099D71C /* Stubs */,
			);
			name = Tests;
			sourceTree = "<group>";
		};
		396729A41CC6DE730099D71C /* Stubs */ = {
			isa = PBXGroup;
			children = (
				39D1DB6B1CE23AF50040A04B /* firmware.jpg */,
				39D1DB6C1CE23AF50040A04B /* update_check_response_success.json */,
			);
			name = Stubs;
			sourceTree = "<group>";
		};
		399813521CC41E2D000AF010 /* Products */ = {
			isa = PBXGroup;
			children = (
				399813591CC41E2D000AF010 /* Alamofire.framework */,
				3998135B1CC41E2D000AF010 /* Alamofire.framework */,
				396729B01CC6DE730099D71C /* Barracks.framework */,
				399813781CC55A0F000AF010 /* OHHTTPStubs.framework */,
				3998137A1CC55A0F000AF010 /* OHHTTPStubs.framework */,
				3998135D1CC41E2D000AF010 /* Pods_Barracks_iOS.framework */,
				3959EBC21CC571100084FA72 /* Pods_Barracks_iOS_Barracks_iOSTests.framework */,
				3998135F1CC41E2D000AF010 /* Pods_Barracks_OSX.framework */,
				39E743641CC57EB00026B854 /* Pods_Barracks_OSX_Tests.framework */,
				396729B21CC6DE730099D71C /* Pods_OSXExample.framework */,
			);
			name = Products;
			sourceTree = "<group>";
		};
		A8672AE1E1E60FA579BB9CAC /* Frameworks */ = {
			isa = PBXGroup;
			children = (
				394DC53D1CC4041600009168 /* Alamofire.framework */,
				D3A74100FD5B262494A90C90 /* Pods_Barracks_OSX.framework */,
				262783EC4DC50F32D4FA216B /* Pods_Barracks_OSXTests.framework */,
				D739830A62509CDB713375DF /* Pods_Barracks_iOS.framework */,
				2A1E24107CB8D82F234EB7C0 /* Pods_Barracks_iOS_Barracks_iOSTests.framework */,
				79A7853FC89D27C0FC4412F1 /* Pods_Barracks_OSX_Tests.framework */,
			);
			name = Frameworks;
			sourceTree = "<group>";
		};
		E91A3A35B1347DAE52135954 /* Pods */ = {
			isa = PBXGroup;
			children = (
				FE327D6129B6B1DF51E390C8 /* Pods-Barracks OSX.debug.xcconfig */,
				584B6060F023C897B61DF466 /* Pods-Barracks OSX.release.xcconfig */,
				B36C217F7EDF9D7B2BA7154C /* Pods-Barracks OSXTests.debug.xcconfig */,
				835AE9664F631F0DDD08C64F /* Pods-Barracks OSXTests.release.xcconfig */,
				A24C822C7E9FB15C23FB552D /* Pods-Barracks iOS.debug.xcconfig */,
				DB6460086B5CB0A396A64CD0 /* Pods-Barracks iOS.release.xcconfig */,
				40E8B52DD845ABFD049D9510 /* Pods-Barracks iOS-Barracks iOSTests.debug.xcconfig */,
				E00399C84D96F53A39428D4C /* Pods-Barracks iOS-Barracks iOSTests.release.xcconfig */,
				F09E25A1365E8EEA9E564ACA /* Pods-Barracks OSX Tests.debug.xcconfig */,
				06A13A40CB65D6B49D9451C4 /* Pods-Barracks OSX Tests.release.xcconfig */,
			);
			name = Pods;
			sourceTree = "<group>";
		};
/* End PBXGroup section */

/* Begin PBXHeadersBuildPhase section */
		39090CDE1CBEA17C006FA104 /* Headers */ = {
			isa = PBXHeadersBuildPhase;
			buildActionMask = 2147483647;
			files = (
				39D1DB691CE23AEB0040A04B /* Barracks.h in Headers */,
			);
			runOnlyForDeploymentPostprocessing = 0;
		};
		39090CFB1CBEA1A5006FA104 /* Headers */ = {
			isa = PBXHeadersBuildPhase;
			buildActionMask = 2147483647;
			files = (
			);
			runOnlyForDeploymentPostprocessing = 0;
		};
/* End PBXHeadersBuildPhase section */

/* Begin PBXNativeTarget section */
		39090CE01CBEA17C006FA104 /* Barracks iOS */ = {
			isa = PBXNativeTarget;
			buildConfigurationList = 39090CF31CBEA17C006FA104 /* Build configuration list for PBXNativeTarget "Barracks iOS" */;
			buildPhases = (
				D3326EF30D71B72679ADC041 /* 📦 Check Pods Manifest.lock */,
				39090CDC1CBEA17C006FA104 /* Sources */,
				39090CDD1CBEA17C006FA104 /* Frameworks */,
				39090CDE1CBEA17C006FA104 /* Headers */,
				39090CDF1CBEA17C006FA104 /* Resources */,
				6B9C3EEB9677A86DE8F10AC5 /* 📦 Copy Pods Resources */,
			);
			buildRules = (
			);
			dependencies = (
			);
			name = "Barracks iOS";
			productName = "Barracks iOS";
			productReference = 39090CE11CBEA17C006FA104 /* Barracks.framework */;
			productType = "com.apple.product-type.framework";
		};
		39090CEA1CBEA17C006FA104 /* Barracks iOSTests */ = {
			isa = PBXNativeTarget;
			buildConfigurationList = 39090CF61CBEA17C006FA104 /* Build configuration list for PBXNativeTarget "Barracks iOSTests" */;
			buildPhases = (
				567AC67FF829298F9687FE9A /* 📦 Check Pods Manifest.lock */,
				39090CE71CBEA17C006FA104 /* Sources */,
				39090CE81CBEA17C006FA104 /* Frameworks */,
				39090CE91CBEA17C006FA104 /* Resources */,
				CC41C83B89488D9D3817131E /* 📦 Embed Pods Frameworks */,
				18FFC867424689A8ED1A68BD /* 📦 Copy Pods Resources */,
			);
			buildRules = (
			);
			dependencies = (
				39090CEE1CBEA17C006FA104 /* PBXTargetDependency */,
			);
			name = "Barracks iOSTests";
			productName = "Barracks iOSTests";
			productReference = 39090CEB1CBEA17C006FA104 /* Barracks iOSTests.xctest */;
			productType = "com.apple.product-type.bundle.unit-test";
		};
		39090CFD1CBEA1A5006FA104 /* Barracks OSX */ = {
			isa = PBXNativeTarget;
			buildConfigurationList = 39090D0F1CBEA1A5006FA104 /* Build configuration list for PBXNativeTarget "Barracks OSX" */;
			buildPhases = (
				B682EC1D566ABE36F180D79F /* 📦 Check Pods Manifest.lock */,
				39090CF91CBEA1A5006FA104 /* Sources */,
				39090CFA1CBEA1A5006FA104 /* Frameworks */,
				39090CFB1CBEA1A5006FA104 /* Headers */,
				39090CFC1CBEA1A5006FA104 /* Resources */,
				CC1F631C2AD17E88BC31074D /* 📦 Copy Pods Resources */,
			);
			buildRules = (
			);
			dependencies = (
			);
			name = "Barracks OSX";
			productName = "Barracks OSX";
			productReference = 39090CFE1CBEA1A5006FA104 /* Barracks.framework */;
			productType = "com.apple.product-type.framework";
		};
		396729761CC57D090099D71C /* Barracks OSX Tests */ = {
			isa = PBXNativeTarget;
			buildConfigurationList = 3967297F1CC57D090099D71C /* Build configuration list for PBXNativeTarget "Barracks OSX Tests" */;
			buildPhases = (
				165BA32B260A0CEFE2C31AAA /* 📦 Check Pods Manifest.lock */,
				396729731CC57D090099D71C /* Sources */,
				396729741CC57D090099D71C /* Frameworks */,
				396729751CC57D090099D71C /* Resources */,
				DEC390659BEF48D27A55634D /* 📦 Embed Pods Frameworks */,
				9D5A02365FC91E6FA9F42D74 /* 📦 Copy Pods Resources */,
				3967298F1CC5821A0099D71C /* CopyFiles */,
			);
			buildRules = (
			);
			dependencies = (
				3967297E1CC57D090099D71C /* PBXTargetDependency */,
			);
			name = "Barracks OSX Tests";
			productName = "Barracks OSX Tests";
			productReference = 396729771CC57D090099D71C /* Barracks OSX Tests.xctest */;
			productType = "com.apple.product-type.bundle.unit-test";
		};
/* End PBXNativeTarget section */

/* Begin PBXProject section */
		39090CD61CBEA12F006FA104 /* Project object */ = {
			isa = PBXProject;
			attributes = {
				LastSwiftUpdateCheck = 0730;
				LastUpgradeCheck = 0730;
				TargetAttributes = {
					39090CE01CBEA17C006FA104 = {
						CreatedOnToolsVersion = 7.3;
					};
					39090CEA1CBEA17C006FA104 = {
						CreatedOnToolsVersion = 7.3;
					};
					39090CFD1CBEA1A5006FA104 = {
						CreatedOnToolsVersion = 7.3;
					};
					396729761CC57D090099D71C = {
						CreatedOnToolsVersion = 7.3;
					};
				};
			};
			buildConfigurationList = 39090CD91CBEA12F006FA104 /* Build configuration list for PBXProject "BarracksClient" */;
			compatibilityVersion = "Xcode 3.2";
			developmentRegion = English;
			hasScannedForEncodings = 0;
			knownRegions = (
				en,
			);
			mainGroup = 39090CD51CBEA12F006FA104;
			productRefGroup = 39090CE21CBEA17C006FA104 /* Products */;
			projectDirPath = "";
			projectReferences = (
				{
					ProductGroup = 399813521CC41E2D000AF010 /* Products */;
					ProjectRef = 399813511CC41E2D000AF010 /* Pods.xcodeproj */;
				},
			);
			projectRoot = "";
			targets = (
				39090CE01CBEA17C006FA104 /* Barracks iOS */,
				39090CEA1CBEA17C006FA104 /* Barracks iOSTests */,
				39090CFD1CBEA1A5006FA104 /* Barracks OSX */,
				396729761CC57D090099D71C /* Barracks OSX Tests */,
			);
		};
/* End PBXProject section */

/* Begin PBXReferenceProxy section */
		3959EBC21CC571100084FA72 /* Pods_Barracks_iOS_Barracks_iOSTests.framework */ = {
			isa = PBXReferenceProxy;
			fileType = wrapper.framework;
			path = Pods_Barracks_iOS_Barracks_iOSTests.framework;
			remoteRef = 3959EBC11CC571100084FA72 /* PBXContainerItemProxy */;
			sourceTree = BUILT_PRODUCTS_DIR;
		};
		396729B01CC6DE730099D71C /* Barracks.framework */ = {
			isa = PBXReferenceProxy;
			fileType = wrapper.framework;
			path = Barracks.framework;
			remoteRef = 396729AF1CC6DE730099D71C /* PBXContainerItemProxy */;
			sourceTree = BUILT_PRODUCTS_DIR;
		};
		396729B21CC6DE730099D71C /* Pods_OSXExample.framework */ = {
			isa = PBXReferenceProxy;
			fileType = wrapper.framework;
			path = Pods_OSXExample.framework;
			remoteRef = 396729B11CC6DE730099D71C /* PBXContainerItemProxy */;
			sourceTree = BUILT_PRODUCTS_DIR;
		};
		399813591CC41E2D000AF010 /* Alamofire.framework */ = {
			isa = PBXReferenceProxy;
			fileType = wrapper.framework;
			path = Alamofire.framework;
			remoteRef = 399813581CC41E2D000AF010 /* PBXContainerItemProxy */;
			sourceTree = BUILT_PRODUCTS_DIR;
		};
		3998135B1CC41E2D000AF010 /* Alamofire.framework */ = {
			isa = PBXReferenceProxy;
			fileType = wrapper.framework;
			path = Alamofire.framework;
			remoteRef = 3998135A1CC41E2D000AF010 /* PBXContainerItemProxy */;
			sourceTree = BUILT_PRODUCTS_DIR;
		};
		3998135D1CC41E2D000AF010 /* Pods_Barracks_iOS.framework */ = {
			isa = PBXReferenceProxy;
			fileType = wrapper.framework;
			path = Pods_Barracks_iOS.framework;
			remoteRef = 3998135C1CC41E2D000AF010 /* PBXContainerItemProxy */;
			sourceTree = BUILT_PRODUCTS_DIR;
		};
		3998135F1CC41E2D000AF010 /* Pods_Barracks_OSX.framework */ = {
			isa = PBXReferenceProxy;
			fileType = wrapper.framework;
			path = Pods_Barracks_OSX.framework;
			remoteRef = 3998135E1CC41E2D000AF010 /* PBXContainerItemProxy */;
			sourceTree = BUILT_PRODUCTS_DIR;
		};
		399813781CC55A0F000AF010 /* OHHTTPStubs.framework */ = {
			isa = PBXReferenceProxy;
			fileType = wrapper.framework;
			path = OHHTTPStubs.framework;
			remoteRef = 399813771CC55A0F000AF010 /* PBXContainerItemProxy */;
			sourceTree = BUILT_PRODUCTS_DIR;
		};
		3998137A1CC55A0F000AF010 /* OHHTTPStubs.framework */ = {
			isa = PBXReferenceProxy;
			fileType = wrapper.framework;
			path = OHHTTPStubs.framework;
			remoteRef = 399813791CC55A0F000AF010 /* PBXContainerItemProxy */;
			sourceTree = BUILT_PRODUCTS_DIR;
		};
		39E743641CC57EB00026B854 /* Pods_Barracks_OSX_Tests.framework */ = {
			isa = PBXReferenceProxy;
			fileType = wrapper.framework;
			path = Pods_Barracks_OSX_Tests.framework;
			remoteRef = 39E743631CC57EB00026B854 /* PBXContainerItemProxy */;
			sourceTree = BUILT_PRODUCTS_DIR;
		};
/* End PBXReferenceProxy section */

/* Begin PBXResourcesBuildPhase section */
		39090CDF1CBEA17C006FA104 /* Resources */ = {
			isa = PBXResourcesBuildPhase;
			buildActionMask = 2147483647;
			files = (
				39D1DB6D1CE23AF50040A04B /* firmware.jpg in Resources */,
				39090D5C1CBEC3FE006FA104 /* Podfile in Resources */,
				39BB42AD1CBF071400AAF5C9 /* Barracks.podspec in Resources */,
				39D1DB6E1CE23AF50040A04B /* update_check_response_success.json in Resources */,
				39D1DB6A1CE23AEB0040A04B /* Info.plist in Resources */,
			);
			runOnlyForDeploymentPostprocessing = 0;
		};
		39090CE91CBEA17C006FA104 /* Resources */ = {
			isa = PBXResourcesBuildPhase;
			buildActionMask = 2147483647;
			files = (
			);
			runOnlyForDeploymentPostprocessing = 0;
		};
		39090CFC1CBEA1A5006FA104 /* Resources */ = {
			isa = PBXResourcesBuildPhase;
			buildActionMask = 2147483647;
			files = (
				39C3A18A1CC578CF004E8725 /* Podfile in Resources */,
				39C3A1891CC578CF004E8725 /* Barracks.podspec in Resources */,
			);
			runOnlyForDeploymentPostprocessing = 0;
		};
		396729751CC57D090099D71C /* Resources */ = {
			isa = PBXResourcesBuildPhase;
			buildActionMask = 2147483647;
			files = (
			);
			runOnlyForDeploymentPostprocessing = 0;
		};
/* End PBXResourcesBuildPhase section */

/* Begin PBXShellScriptBuildPhase section */
		165BA32B260A0CEFE2C31AAA /* 📦 Check Pods Manifest.lock */ = {
			isa = PBXShellScriptBuildPhase;
			buildActionMask = 2147483647;
			files = (
			);
			inputPaths = (
			);
			name = "📦 Check Pods Manifest.lock";
			outputPaths = (
			);
			runOnlyForDeploymentPostprocessing = 0;
			shellPath = /bin/sh;
			shellScript = "diff \"${PODS_ROOT}/../Podfile.lock\" \"${PODS_ROOT}/Manifest.lock\" > /dev/null\nif [[ $? != 0 ]] ; then\n    cat << EOM\nerror: The sandbox is not in sync with the Podfile.lock. Run 'pod install' or update your CocoaPods installation.\nEOM\n    exit 1\nfi\n";
			showEnvVarsInLog = 0;
		};
		18FFC867424689A8ED1A68BD /* 📦 Copy Pods Resources */ = {
			isa = PBXShellScriptBuildPhase;
			buildActionMask = 2147483647;
			files = (
			);
			inputPaths = (
			);
			name = "📦 Copy Pods Resources";
			outputPaths = (
			);
			runOnlyForDeploymentPostprocessing = 0;
			shellPath = /bin/sh;
			shellScript = "\"${SRCROOT}/Pods/Target Support Files/Pods-Barracks iOS-Barracks iOSTests/Pods-Barracks iOS-Barracks iOSTests-resources.sh\"\n";
			showEnvVarsInLog = 0;
		};
		567AC67FF829298F9687FE9A /* 📦 Check Pods Manifest.lock */ = {
			isa = PBXShellScriptBuildPhase;
			buildActionMask = 2147483647;
			files = (
			);
			inputPaths = (
			);
			name = "📦 Check Pods Manifest.lock";
			outputPaths = (
			);
			runOnlyForDeploymentPostprocessing = 0;
			shellPath = /bin/sh;
			shellScript = "diff \"${PODS_ROOT}/../Podfile.lock\" \"${PODS_ROOT}/Manifest.lock\" > /dev/null\nif [[ $? != 0 ]] ; then\n    cat << EOM\nerror: The sandbox is not in sync with the Podfile.lock. Run 'pod install' or update your CocoaPods installation.\nEOM\n    exit 1\nfi\n";
			showEnvVarsInLog = 0;
		};
		6B9C3EEB9677A86DE8F10AC5 /* 📦 Copy Pods Resources */ = {
			isa = PBXShellScriptBuildPhase;
			buildActionMask = 2147483647;
			files = (
			);
			inputPaths = (
			);
			name = "📦 Copy Pods Resources";
			outputPaths = (
			);
			runOnlyForDeploymentPostprocessing = 0;
			shellPath = /bin/sh;
			shellScript = "\"${SRCROOT}/Pods/Target Support Files/Pods-Barracks iOS/Pods-Barracks iOS-resources.sh\"\n";
			showEnvVarsInLog = 0;
		};
		9D5A02365FC91E6FA9F42D74 /* 📦 Copy Pods Resources */ = {
			isa = PBXShellScriptBuildPhase;
			buildActionMask = 2147483647;
			files = (
			);
			inputPaths = (
			);
			name = "📦 Copy Pods Resources";
			outputPaths = (
			);
			runOnlyForDeploymentPostprocessing = 0;
			shellPath = /bin/sh;
			shellScript = "\"${SRCROOT}/Pods/Target Support Files/Pods-Barracks OSX Tests/Pods-Barracks OSX Tests-resources.sh\"\n";
			showEnvVarsInLog = 0;
		};
		B682EC1D566ABE36F180D79F /* 📦 Check Pods Manifest.lock */ = {
			isa = PBXShellScriptBuildPhase;
			buildActionMask = 2147483647;
			files = (
			);
			inputPaths = (
			);
			name = "📦 Check Pods Manifest.lock";
			outputPaths = (
			);
			runOnlyForDeploymentPostprocessing = 0;
			shellPath = /bin/sh;
			shellScript = "diff \"${PODS_ROOT}/../Podfile.lock\" \"${PODS_ROOT}/Manifest.lock\" > /dev/null\nif [[ $? != 0 ]] ; then\n    cat << EOM\nerror: The sandbox is not in sync with the Podfile.lock. Run 'pod install' or update your CocoaPods installation.\nEOM\n    exit 1\nfi\n";
			showEnvVarsInLog = 0;
		};
		CC1F631C2AD17E88BC31074D /* 📦 Copy Pods Resources */ = {
			isa = PBXShellScriptBuildPhase;
			buildActionMask = 2147483647;
			files = (
			);
			inputPaths = (
			);
			name = "📦 Copy Pods Resources";
			outputPaths = (
			);
			runOnlyForDeploymentPostprocessing = 0;
			shellPath = /bin/sh;
			shellScript = "\"${SRCROOT}/Pods/Target Support Files/Pods-Barracks OSX/Pods-Barracks OSX-resources.sh\"\n";
			showEnvVarsInLog = 0;
		};
		CC41C83B89488D9D3817131E /* 📦 Embed Pods Frameworks */ = {
			isa = PBXShellScriptBuildPhase;
			buildActionMask = 2147483647;
			files = (
			);
			inputPaths = (
			);
			name = "📦 Embed Pods Frameworks";
			outputPaths = (
			);
			runOnlyForDeploymentPostprocessing = 0;
			shellPath = /bin/sh;
			shellScript = "\"${SRCROOT}/Pods/Target Support Files/Pods-Barracks iOS-Barracks iOSTests/Pods-Barracks iOS-Barracks iOSTests-frameworks.sh\"\n";
			showEnvVarsInLog = 0;
		};
		D3326EF30D71B72679ADC041 /* 📦 Check Pods Manifest.lock */ = {
			isa = PBXShellScriptBuildPhase;
			buildActionMask = 2147483647;
			files = (
			);
			inputPaths = (
			);
			name = "📦 Check Pods Manifest.lock";
			outputPaths = (
			);
			runOnlyForDeploymentPostprocessing = 0;
			shellPath = /bin/sh;
			shellScript = "diff \"${PODS_ROOT}/../Podfile.lock\" \"${PODS_ROOT}/Manifest.lock\" > /dev/null\nif [[ $? != 0 ]] ; then\n    cat << EOM\nerror: The sandbox is not in sync with the Podfile.lock. Run 'pod install' or update your CocoaPods installation.\nEOM\n    exit 1\nfi\n";
			showEnvVarsInLog = 0;
		};
		DEC390659BEF48D27A55634D /* 📦 Embed Pods Frameworks */ = {
			isa = PBXShellScriptBuildPhase;
			buildActionMask = 2147483647;
			files = (
			);
			inputPaths = (
			);
			name = "📦 Embed Pods Frameworks";
			outputPaths = (
			);
			runOnlyForDeploymentPostprocessing = 0;
			shellPath = /bin/sh;
			shellScript = "\"${SRCROOT}/Pods/Target Support Files/Pods-Barracks OSX Tests/Pods-Barracks OSX Tests-frameworks.sh\"\n";
			showEnvVarsInLog = 0;
		};
/* End PBXShellScriptBuildPhase section */

/* Begin PBXSourcesBuildPhase section */
		39090CDC1CBEA17C006FA104 /* Sources */ = {
			isa = PBXSourcesBuildPhase;
			buildActionMask = 2147483647;
			files = (
				39D1DB811CE23B320040A04B /* BarracksClient.swift in Sources */,
				39D1DB821CE23B320040A04B /* CheckUpdate.swift in Sources */,
				39D1DB831CE23B320040A04B /* DownloadPackage.swift in Sources */,
				39D1DB841CE23B320040A04B /* PackageDownloadCallback.swift in Sources */,
				39D1DB851CE23B320040A04B /* PackageInfo.swift in Sources */,
				39D1DB861CE23B320040A04B /* UpdateCheckCallback.swift in Sources */,
				39D1DB871CE23B320040A04B /* UpdateCheckRequest.swift in Sources */,
				39D1DB881CE23B320040A04B /* UpdateCheckResponse.swift in Sources */,
			);
			runOnlyForDeploymentPostprocessing = 0;
		};
		39090CE71CBEA17C006FA104 /* Sources */ = {
			isa = PBXSourcesBuildPhase;
			buildActionMask = 2147483647;
			files = (
			);
			runOnlyForDeploymentPostprocessing = 0;
		};
		39090CF91CBEA1A5006FA104 /* Sources */ = {
			isa = PBXSourcesBuildPhase;
			buildActionMask = 2147483647;
			files = (
			);
			runOnlyForDeploymentPostprocessing = 0;
		};
		396729731CC57D090099D71C /* Sources */ = {
			isa = PBXSourcesBuildPhase;
			buildActionMask = 2147483647;
			files = (
			);
			runOnlyForDeploymentPostprocessing = 0;
		};
/* End PBXSourcesBuildPhase section */

/* Begin PBXTargetDependency section */
		39090CEE1CBEA17C006FA104 /* PBXTargetDependency */ = {
			isa = PBXTargetDependency;
			target = 39090CE01CBEA17C006FA104 /* Barracks iOS */;
			targetProxy = 39090CED1CBEA17C006FA104 /* PBXContainerItemProxy */;
		};
		3967297E1CC57D090099D71C /* PBXTargetDependency */ = {
			isa = PBXTargetDependency;
			target = 39090CFD1CBEA1A5006FA104 /* Barracks OSX */;
			targetProxy = 3967297D1CC57D090099D71C /* PBXContainerItemProxy */;
		};
/* End PBXTargetDependency section */

/* Begin XCBuildConfiguration section */
		39090CDA1CBEA12F006FA104 /* Debug */ = {
			isa = XCBuildConfiguration;
			buildSettings = {
				DEFINES_MODULE = YES;
				ENABLE_TESTABILITY = YES;
				ONLY_ACTIVE_ARCH = YES;
			};
			name = Debug;
		};
		39090CDB1CBEA12F006FA104 /* Release */ = {
			isa = XCBuildConfiguration;
			buildSettings = {
				DEFINES_MODULE = YES;
			};
			name = Release;
		};
		39090CF41CBEA17C006FA104 /* Debug */ = {
			isa = XCBuildConfiguration;
			baseConfigurationReference = A24C822C7E9FB15C23FB552D /* Pods-Barracks iOS.debug.xcconfig */;
			buildSettings = {
				ALWAYS_SEARCH_USER_PATHS = NO;
				CLANG_ANALYZER_NONNULL = YES;
				CLANG_CXX_LANGUAGE_STANDARD = "gnu++0x";
				CLANG_CXX_LIBRARY = "libc++";
				CLANG_ENABLE_MODULES = YES;
				CLANG_ENABLE_OBJC_ARC = YES;
				CLANG_WARN_BOOL_CONVERSION = YES;
				CLANG_WARN_CONSTANT_CONVERSION = YES;
				CLANG_WARN_DIRECT_OBJC_ISA_USAGE = YES_ERROR;
				CLANG_WARN_EMPTY_BODY = YES;
				CLANG_WARN_ENUM_CONVERSION = YES;
				CLANG_WARN_INT_CONVERSION = YES;
				CLANG_WARN_OBJC_ROOT_CLASS = YES_ERROR;
				CLANG_WARN_UNREACHABLE_CODE = YES;
				CLANG_WARN__DUPLICATE_METHOD_MATCH = YES;
				"CODE_SIGN_IDENTITY[sdk=iphoneos*]" = "iPhone Developer";
				COPY_PHASE_STRIP = NO;
				CURRENT_PROJECT_VERSION = 1;
				DEBUG_INFORMATION_FORMAT = dwarf;
				DEFINES_MODULE = YES;
				DYLIB_COMPATIBILITY_VERSION = 1;
				DYLIB_CURRENT_VERSION = 1;
				DYLIB_INSTALL_NAME_BASE = "@rpath";
				ENABLE_STRICT_OBJC_MSGSEND = YES;
				ENABLE_TESTABILITY = YES;
				GCC_C_LANGUAGE_STANDARD = gnu99;
				GCC_DYNAMIC_NO_PIC = NO;
				GCC_NO_COMMON_BLOCKS = YES;
				GCC_OPTIMIZATION_LEVEL = 0;
				GCC_PREPROCESSOR_DEFINITIONS = (
					"DEBUG=1",
					"$(inherited)",
				);
				GCC_WARN_64_TO_32_BIT_CONVERSION = YES;
				GCC_WARN_ABOUT_RETURN_TYPE = YES_ERROR;
				GCC_WARN_UNDECLARED_SELECTOR = YES;
				GCC_WARN_UNINITIALIZED_AUTOS = YES_AGGRESSIVE;
				GCC_WARN_UNUSED_FUNCTION = YES;
				GCC_WARN_UNUSED_VARIABLE = YES;
				INFOPLIST_FILE = "Client/Supporting Files/Info.plist";
				INSTALL_PATH = "$(LOCAL_LIBRARY_DIR)/Frameworks";
				IPHONEOS_DEPLOYMENT_TARGET = 9.3;
				LD_RUNPATH_SEARCH_PATHS = "$(inherited) @executable_path/Frameworks @loader_path/Frameworks";
				MTL_ENABLE_DEBUG_INFO = YES;
				ONLY_ACTIVE_ARCH = YES;
				PRODUCT_BUNDLE_IDENTIFIER = io.barracks.client;
				PRODUCT_NAME = Barracks;
				SDKROOT = iphoneos;
				SKIP_INSTALL = YES;
				SWIFT_OPTIMIZATION_LEVEL = "-Onone";
				TARGETED_DEVICE_FAMILY = "1,2";
				VERSIONING_SYSTEM = "apple-generic";
				VERSION_INFO_PREFIX = "";
			};
			name = Debug;
		};
		39090CF51CBEA17C006FA104 /* Release */ = {
			isa = XCBuildConfiguration;
			baseConfigurationReference = DB6460086B5CB0A396A64CD0 /* Pods-Barracks iOS.release.xcconfig */;
			buildSettings = {
				ALWAYS_SEARCH_USER_PATHS = NO;
				CLANG_ANALYZER_NONNULL = YES;
				CLANG_CXX_LANGUAGE_STANDARD = "gnu++0x";
				CLANG_CXX_LIBRARY = "libc++";
				CLANG_ENABLE_MODULES = YES;
				CLANG_ENABLE_OBJC_ARC = YES;
				CLANG_WARN_BOOL_CONVERSION = YES;
				CLANG_WARN_CONSTANT_CONVERSION = YES;
				CLANG_WARN_DIRECT_OBJC_ISA_USAGE = YES_ERROR;
				CLANG_WARN_EMPTY_BODY = YES;
				CLANG_WARN_ENUM_CONVERSION = YES;
				CLANG_WARN_INT_CONVERSION = YES;
				CLANG_WARN_OBJC_ROOT_CLASS = YES_ERROR;
				CLANG_WARN_UNREACHABLE_CODE = YES;
				CLANG_WARN__DUPLICATE_METHOD_MATCH = YES;
				"CODE_SIGN_IDENTITY[sdk=iphoneos*]" = "iPhone Developer";
				COPY_PHASE_STRIP = NO;
				CURRENT_PROJECT_VERSION = 1;
				DEBUG_INFORMATION_FORMAT = "dwarf-with-dsym";
				DEFINES_MODULE = YES;
				DYLIB_COMPATIBILITY_VERSION = 1;
				DYLIB_CURRENT_VERSION = 1;
				DYLIB_INSTALL_NAME_BASE = "@rpath";
				ENABLE_NS_ASSERTIONS = NO;
				ENABLE_STRICT_OBJC_MSGSEND = YES;
				GCC_C_LANGUAGE_STANDARD = gnu99;
				GCC_NO_COMMON_BLOCKS = YES;
				GCC_WARN_64_TO_32_BIT_CONVERSION = YES;
				GCC_WARN_ABOUT_RETURN_TYPE = YES_ERROR;
				GCC_WARN_UNDECLARED_SELECTOR = YES;
				GCC_WARN_UNINITIALIZED_AUTOS = YES_AGGRESSIVE;
				GCC_WARN_UNUSED_FUNCTION = YES;
				GCC_WARN_UNUSED_VARIABLE = YES;
				INFOPLIST_FILE = "Client/Supporting Files/Info.plist";
				INSTALL_PATH = "$(LOCAL_LIBRARY_DIR)/Frameworks";
				IPHONEOS_DEPLOYMENT_TARGET = 9.3;
				LD_RUNPATH_SEARCH_PATHS = "$(inherited) @executable_path/Frameworks @loader_path/Frameworks";
				MTL_ENABLE_DEBUG_INFO = NO;
				PRODUCT_BUNDLE_IDENTIFIER = io.barracks.client;
				PRODUCT_NAME = Barracks;
				SDKROOT = iphoneos;
				SKIP_INSTALL = YES;
				TARGETED_DEVICE_FAMILY = "1,2";
				VALIDATE_PRODUCT = YES;
				VERSIONING_SYSTEM = "apple-generic";
				VERSION_INFO_PREFIX = "";
			};
			name = Release;
		};
		39090CF71CBEA17C006FA104 /* Debug */ = {
			isa = XCBuildConfiguration;
			baseConfigurationReference = 40E8B52DD845ABFD049D9510 /* Pods-Barracks iOS-Barracks iOSTests.debug.xcconfig */;
			buildSettings = {
				ALWAYS_SEARCH_USER_PATHS = NO;
				CLANG_ANALYZER_NONNULL = YES;
				CLANG_CXX_LANGUAGE_STANDARD = "gnu++0x";
				CLANG_CXX_LIBRARY = "libc++";
				CLANG_ENABLE_MODULES = YES;
				CLANG_ENABLE_OBJC_ARC = YES;
				CLANG_WARN_BOOL_CONVERSION = YES;
				CLANG_WARN_CONSTANT_CONVERSION = YES;
				CLANG_WARN_DIRECT_OBJC_ISA_USAGE = YES_ERROR;
				CLANG_WARN_EMPTY_BODY = YES;
				CLANG_WARN_ENUM_CONVERSION = YES;
				CLANG_WARN_INT_CONVERSION = YES;
				CLANG_WARN_OBJC_ROOT_CLASS = YES_ERROR;
				CLANG_WARN_UNREACHABLE_CODE = YES;
				CLANG_WARN__DUPLICATE_METHOD_MATCH = YES;
				"CODE_SIGN_IDENTITY[sdk=iphoneos*]" = "iPhone Developer";
				COPY_PHASE_STRIP = NO;
				DEBUG_INFORMATION_FORMAT = dwarf;
				ENABLE_STRICT_OBJC_MSGSEND = YES;
				ENABLE_TESTABILITY = YES;
				GCC_C_LANGUAGE_STANDARD = gnu99;
				GCC_DYNAMIC_NO_PIC = NO;
				GCC_NO_COMMON_BLOCKS = YES;
				GCC_OPTIMIZATION_LEVEL = 0;
				GCC_PREPROCESSOR_DEFINITIONS = (
					"DEBUG=1",
					"$(inherited)",
				);
				GCC_WARN_64_TO_32_BIT_CONVERSION = YES;
				GCC_WARN_ABOUT_RETURN_TYPE = YES_ERROR;
				GCC_WARN_UNDECLARED_SELECTOR = YES;
				GCC_WARN_UNINITIALIZED_AUTOS = YES_AGGRESSIVE;
				GCC_WARN_UNUSED_FUNCTION = YES;
				GCC_WARN_UNUSED_VARIABLE = YES;
				INFOPLIST_FILE = "Client/Supporting Files/Info.plist";
				IPHONEOS_DEPLOYMENT_TARGET = 9.3;
				LD_RUNPATH_SEARCH_PATHS = "$(inherited) @executable_path/Frameworks @loader_path/Frameworks";
				MTL_ENABLE_DEBUG_INFO = YES;
				ONLY_ACTIVE_ARCH = YES;
				PRODUCT_BUNDLE_IDENTIFIER = "io.barracks.Barracks-iOSTests";
				PRODUCT_NAME = "$(TARGET_NAME)";
				SDKROOT = iphoneos;
				SWIFT_OPTIMIZATION_LEVEL = "-Onone";
			};
			name = Debug;
		};
		39090CF81CBEA17C006FA104 /* Release */ = {
			isa = XCBuildConfiguration;
			baseConfigurationReference = E00399C84D96F53A39428D4C /* Pods-Barracks iOS-Barracks iOSTests.release.xcconfig */;
			buildSettings = {
				ALWAYS_SEARCH_USER_PATHS = NO;
				CLANG_ANALYZER_NONNULL = YES;
				CLANG_CXX_LANGUAGE_STANDARD = "gnu++0x";
				CLANG_CXX_LIBRARY = "libc++";
				CLANG_ENABLE_MODULES = YES;
				CLANG_ENABLE_OBJC_ARC = YES;
				CLANG_WARN_BOOL_CONVERSION = YES;
				CLANG_WARN_CONSTANT_CONVERSION = YES;
				CLANG_WARN_DIRECT_OBJC_ISA_USAGE = YES_ERROR;
				CLANG_WARN_EMPTY_BODY = YES;
				CLANG_WARN_ENUM_CONVERSION = YES;
				CLANG_WARN_INT_CONVERSION = YES;
				CLANG_WARN_OBJC_ROOT_CLASS = YES_ERROR;
				CLANG_WARN_UNREACHABLE_CODE = YES;
				CLANG_WARN__DUPLICATE_METHOD_MATCH = YES;
				"CODE_SIGN_IDENTITY[sdk=iphoneos*]" = "iPhone Developer";
				COPY_PHASE_STRIP = NO;
				DEBUG_INFORMATION_FORMAT = "dwarf-with-dsym";
				ENABLE_NS_ASSERTIONS = NO;
				ENABLE_STRICT_OBJC_MSGSEND = YES;
				GCC_C_LANGUAGE_STANDARD = gnu99;
				GCC_NO_COMMON_BLOCKS = YES;
				GCC_WARN_64_TO_32_BIT_CONVERSION = YES;
				GCC_WARN_ABOUT_RETURN_TYPE = YES_ERROR;
				GCC_WARN_UNDECLARED_SELECTOR = YES;
				GCC_WARN_UNINITIALIZED_AUTOS = YES_AGGRESSIVE;
				GCC_WARN_UNUSED_FUNCTION = YES;
				GCC_WARN_UNUSED_VARIABLE = YES;
				INFOPLIST_FILE = "Client/Supporting Files/Info.plist";
				IPHONEOS_DEPLOYMENT_TARGET = 9.3;
				LD_RUNPATH_SEARCH_PATHS = "$(inherited) @executable_path/Frameworks @loader_path/Frameworks";
				MTL_ENABLE_DEBUG_INFO = NO;
				PRODUCT_BUNDLE_IDENTIFIER = "io.barracks.Barracks-iOSTests";
				PRODUCT_NAME = "$(TARGET_NAME)";
				SDKROOT = iphoneos;
				VALIDATE_PRODUCT = YES;
			};
			name = Release;
		};
		39090D101CBEA1A5006FA104 /* Debug */ = {
			isa = XCBuildConfiguration;
			baseConfigurationReference = FE327D6129B6B1DF51E390C8 /* Pods-Barracks OSX.debug.xcconfig */;
			buildSettings = {
				ALWAYS_SEARCH_USER_PATHS = NO;
				CLANG_ALLOW_NON_MODULAR_INCLUDES_IN_FRAMEWORK_MODULES = NO;
				CLANG_ANALYZER_NONNULL = YES;
				CLANG_CXX_LANGUAGE_STANDARD = "gnu++0x";
				CLANG_CXX_LIBRARY = "libc++";
				CLANG_ENABLE_MODULES = YES;
				CLANG_ENABLE_OBJC_ARC = YES;
				CLANG_WARN_BOOL_CONVERSION = YES;
				CLANG_WARN_CONSTANT_CONVERSION = YES;
				CLANG_WARN_DIRECT_OBJC_ISA_USAGE = YES_ERROR;
				CLANG_WARN_EMPTY_BODY = YES;
				CLANG_WARN_ENUM_CONVERSION = YES;
				CLANG_WARN_INT_CONVERSION = YES;
				CLANG_WARN_OBJC_ROOT_CLASS = YES_ERROR;
				CLANG_WARN_UNREACHABLE_CODE = YES;
				CLANG_WARN__DUPLICATE_METHOD_MATCH = YES;
				CODE_SIGN_IDENTITY = "-";
				COMBINE_HIDPI_IMAGES = YES;
				COPY_PHASE_STRIP = NO;
				CURRENT_PROJECT_VERSION = 1;
				DEBUG_INFORMATION_FORMAT = dwarf;
				DEFINES_MODULE = YES;
				DYLIB_COMPATIBILITY_VERSION = 1;
				DYLIB_CURRENT_VERSION = 1;
				DYLIB_INSTALL_NAME_BASE = "@rpath";
				EMBEDDED_CONTENT_CONTAINS_SWIFT = "$(inherited)";
				ENABLE_STRICT_OBJC_MSGSEND = YES;
				ENABLE_TESTABILITY = YES;
				FRAMEWORK_VERSION = A;
				GCC_C_LANGUAGE_STANDARD = gnu99;
				GCC_DYNAMIC_NO_PIC = NO;
				GCC_NO_COMMON_BLOCKS = YES;
				GCC_OPTIMIZATION_LEVEL = 0;
				GCC_PREPROCESSOR_DEFINITIONS = (
					"DEBUG=1",
					"$(inherited)",
				);
				GCC_WARN_64_TO_32_BIT_CONVERSION = YES;
				GCC_WARN_ABOUT_RETURN_TYPE = YES_ERROR;
				GCC_WARN_UNDECLARED_SELECTOR = YES;
				GCC_WARN_UNINITIALIZED_AUTOS = YES_AGGRESSIVE;
				GCC_WARN_UNUSED_FUNCTION = YES;
				GCC_WARN_UNUSED_VARIABLE = YES;
				INFOPLIST_FILE = "Client/Supporting Files/Info.plist";
				INSTALL_PATH = "$(LOCAL_LIBRARY_DIR)/Frameworks";
				LD_RUNPATH_SEARCH_PATHS = "$(inherited) @executable_path/../Frameworks @loader_path/Frameworks";
				MACOSX_DEPLOYMENT_TARGET = 10.11;
				MTL_ENABLE_DEBUG_INFO = YES;
				ONLY_ACTIVE_ARCH = YES;
				PRODUCT_BUNDLE_IDENTIFIER = io.barracks.client;
				PRODUCT_NAME = Barracks;
				SDKROOT = macosx;
				SKIP_INSTALL = YES;
				SWIFT_OPTIMIZATION_LEVEL = "-Onone";
				VERSIONING_SYSTEM = "apple-generic";
				VERSION_INFO_PREFIX = "";
			};
			name = Debug;
		};
		39090D111CBEA1A5006FA104 /* Release */ = {
			isa = XCBuildConfiguration;
			baseConfigurationReference = 584B6060F023C897B61DF466 /* Pods-Barracks OSX.release.xcconfig */;
			buildSettings = {
				ALWAYS_SEARCH_USER_PATHS = NO;
				CLANG_ALLOW_NON_MODULAR_INCLUDES_IN_FRAMEWORK_MODULES = NO;
				CLANG_ANALYZER_NONNULL = YES;
				CLANG_CXX_LANGUAGE_STANDARD = "gnu++0x";
				CLANG_CXX_LIBRARY = "libc++";
				CLANG_ENABLE_MODULES = YES;
				CLANG_ENABLE_OBJC_ARC = YES;
				CLANG_WARN_BOOL_CONVERSION = YES;
				CLANG_WARN_CONSTANT_CONVERSION = YES;
				CLANG_WARN_DIRECT_OBJC_ISA_USAGE = YES_ERROR;
				CLANG_WARN_EMPTY_BODY = YES;
				CLANG_WARN_ENUM_CONVERSION = YES;
				CLANG_WARN_INT_CONVERSION = YES;
				CLANG_WARN_OBJC_ROOT_CLASS = YES_ERROR;
				CLANG_WARN_UNREACHABLE_CODE = YES;
				CLANG_WARN__DUPLICATE_METHOD_MATCH = YES;
				CODE_SIGN_IDENTITY = "-";
				COMBINE_HIDPI_IMAGES = YES;
				COPY_PHASE_STRIP = NO;
				CURRENT_PROJECT_VERSION = 1;
				DEBUG_INFORMATION_FORMAT = "dwarf-with-dsym";
				DEFINES_MODULE = YES;
				DYLIB_COMPATIBILITY_VERSION = 1;
				DYLIB_CURRENT_VERSION = 1;
				DYLIB_INSTALL_NAME_BASE = "@rpath";
				EMBEDDED_CONTENT_CONTAINS_SWIFT = "$(inherited)";
				ENABLE_NS_ASSERTIONS = NO;
				ENABLE_STRICT_OBJC_MSGSEND = YES;
				FRAMEWORK_VERSION = A;
				GCC_C_LANGUAGE_STANDARD = gnu99;
				GCC_NO_COMMON_BLOCKS = YES;
				GCC_WARN_64_TO_32_BIT_CONVERSION = YES;
				GCC_WARN_ABOUT_RETURN_TYPE = YES_ERROR;
				GCC_WARN_UNDECLARED_SELECTOR = YES;
				GCC_WARN_UNINITIALIZED_AUTOS = YES_AGGRESSIVE;
				GCC_WARN_UNUSED_FUNCTION = YES;
				GCC_WARN_UNUSED_VARIABLE = YES;
				INFOPLIST_FILE = "Client/Supporting Files/Info.plist";
				INSTALL_PATH = "$(LOCAL_LIBRARY_DIR)/Frameworks";
				LD_RUNPATH_SEARCH_PATHS = "$(inherited) @executable_path/../Frameworks @loader_path/Frameworks";
				MACOSX_DEPLOYMENT_TARGET = 10.11;
				MTL_ENABLE_DEBUG_INFO = NO;
				PRODUCT_BUNDLE_IDENTIFIER = io.barracks.client;
				PRODUCT_NAME = Barracks;
				SDKROOT = macosx;
				SKIP_INSTALL = YES;
				VERSIONING_SYSTEM = "apple-generic";
				VERSION_INFO_PREFIX = "";
			};
			name = Release;
		};
		396729801CC57D090099D71C /* Debug */ = {
			isa = XCBuildConfiguration;
			baseConfigurationReference = F09E25A1365E8EEA9E564ACA /* Pods-Barracks OSX Tests.debug.xcconfig */;
			buildSettings = {
				ALWAYS_SEARCH_USER_PATHS = NO;
				CLANG_ANALYZER_NONNULL = YES;
				CLANG_CXX_LANGUAGE_STANDARD = "gnu++0x";
				CLANG_CXX_LIBRARY = "libc++";
				CLANG_ENABLE_MODULES = YES;
				CLANG_ENABLE_OBJC_ARC = YES;
				CLANG_WARN_BOOL_CONVERSION = YES;
				CLANG_WARN_CONSTANT_CONVERSION = YES;
				CLANG_WARN_DIRECT_OBJC_ISA_USAGE = YES_ERROR;
				CLANG_WARN_EMPTY_BODY = YES;
				CLANG_WARN_ENUM_CONVERSION = YES;
				CLANG_WARN_INT_CONVERSION = YES;
				CLANG_WARN_OBJC_ROOT_CLASS = YES_ERROR;
				CLANG_WARN_UNREACHABLE_CODE = YES;
				CLANG_WARN__DUPLICATE_METHOD_MATCH = YES;
				CODE_SIGN_IDENTITY = "-";
				COMBINE_HIDPI_IMAGES = YES;
				COPY_PHASE_STRIP = NO;
				DEBUG_INFORMATION_FORMAT = dwarf;
				ENABLE_STRICT_OBJC_MSGSEND = YES;
				GCC_C_LANGUAGE_STANDARD = gnu99;
				GCC_DYNAMIC_NO_PIC = NO;
				GCC_NO_COMMON_BLOCKS = YES;
				GCC_OPTIMIZATION_LEVEL = 0;
				GCC_PREPROCESSOR_DEFINITIONS = (
					"DEBUG=1",
					"$(inherited)",
				);
				GCC_WARN_64_TO_32_BIT_CONVERSION = YES;
				GCC_WARN_ABOUT_RETURN_TYPE = YES_ERROR;
				GCC_WARN_UNDECLARED_SELECTOR = YES;
				GCC_WARN_UNINITIALIZED_AUTOS = YES_AGGRESSIVE;
				GCC_WARN_UNUSED_FUNCTION = YES;
				GCC_WARN_UNUSED_VARIABLE = YES;
				INFOPLIST_FILE = "Client/Supporting Files/Info.plist";
				LD_RUNPATH_SEARCH_PATHS = "$(inherited) @executable_path/../Frameworks @loader_path/../Frameworks";
				MACOSX_DEPLOYMENT_TARGET = 10.11;
				MTL_ENABLE_DEBUG_INFO = YES;
				PRODUCT_BUNDLE_IDENTIFIER = "io.barracks.Barracks-OSX-Tests";
				PRODUCT_NAME = "$(TARGET_NAME)";
				SDKROOT = macosx;
				SWIFT_OPTIMIZATION_LEVEL = "-Onone";
			};
			name = Debug;
		};
		396729811CC57D090099D71C /* Release */ = {
			isa = XCBuildConfiguration;
			baseConfigurationReference = 06A13A40CB65D6B49D9451C4 /* Pods-Barracks OSX Tests.release.xcconfig */;
			buildSettings = {
				ALWAYS_SEARCH_USER_PATHS = NO;
				CLANG_ANALYZER_NONNULL = YES;
				CLANG_CXX_LANGUAGE_STANDARD = "gnu++0x";
				CLANG_CXX_LIBRARY = "libc++";
				CLANG_ENABLE_MODULES = YES;
				CLANG_ENABLE_OBJC_ARC = YES;
				CLANG_WARN_BOOL_CONVERSION = YES;
				CLANG_WARN_CONSTANT_CONVERSION = YES;
				CLANG_WARN_DIRECT_OBJC_ISA_USAGE = YES_ERROR;
				CLANG_WARN_EMPTY_BODY = YES;
				CLANG_WARN_ENUM_CONVERSION = YES;
				CLANG_WARN_INT_CONVERSION = YES;
				CLANG_WARN_OBJC_ROOT_CLASS = YES_ERROR;
				CLANG_WARN_UNREACHABLE_CODE = YES;
				CLANG_WARN__DUPLICATE_METHOD_MATCH = YES;
				CODE_SIGN_IDENTITY = "-";
				COMBINE_HIDPI_IMAGES = YES;
				COPY_PHASE_STRIP = NO;
				DEBUG_INFORMATION_FORMAT = "dwarf-with-dsym";
				ENABLE_NS_ASSERTIONS = NO;
				ENABLE_STRICT_OBJC_MSGSEND = YES;
				GCC_C_LANGUAGE_STANDARD = gnu99;
				GCC_NO_COMMON_BLOCKS = YES;
				GCC_WARN_64_TO_32_BIT_CONVERSION = YES;
				GCC_WARN_ABOUT_RETURN_TYPE = YES_ERROR;
				GCC_WARN_UNDECLARED_SELECTOR = YES;
				GCC_WARN_UNINITIALIZED_AUTOS = YES_AGGRESSIVE;
				GCC_WARN_UNUSED_FUNCTION = YES;
				GCC_WARN_UNUSED_VARIABLE = YES;
				INFOPLIST_FILE = "Client/Supporting Files/Info.plist";
				LD_RUNPATH_SEARCH_PATHS = "$(inherited) @executable_path/../Frameworks @loader_path/../Frameworks";
				MACOSX_DEPLOYMENT_TARGET = 10.11;
				MTL_ENABLE_DEBUG_INFO = NO;
				PRODUCT_BUNDLE_IDENTIFIER = "io.barracks.Barracks-OSX-Tests";
				PRODUCT_NAME = "$(TARGET_NAME)";
				SDKROOT = macosx;
			};
			name = Release;
		};
/* End XCBuildConfiguration section */

/* Begin XCConfigurationList section */
		39090CD91CBEA12F006FA104 /* Build configuration list for PBXProject "BarracksClient" */ = {
			isa = XCConfigurationList;
			buildConfigurations = (
				39090CDA1CBEA12F006FA104 /* Debug */,
				39090CDB1CBEA12F006FA104 /* Release */,
			);
			defaultConfigurationIsVisible = 0;
			defaultConfigurationName = Release;
		};
		39090CF31CBEA17C006FA104 /* Build configuration list for PBXNativeTarget "Barracks iOS" */ = {
			isa = XCConfigurationList;
			buildConfigurations = (
				39090CF41CBEA17C006FA104 /* Debug */,
				39090CF51CBEA17C006FA104 /* Release */,
			);
			defaultConfigurationIsVisible = 0;
			defaultConfigurationName = Release;
		};
		39090CF61CBEA17C006FA104 /* Build configuration list for PBXNativeTarget "Barracks iOSTests" */ = {
			isa = XCConfigurationList;
			buildConfigurations = (
				39090CF71CBEA17C006FA104 /* Debug */,
				39090CF81CBEA17C006FA104 /* Release */,
			);
			defaultConfigurationIsVisible = 0;
			defaultConfigurationName = Release;
		};
		39090D0F1CBEA1A5006FA104 /* Build configuration list for PBXNativeTarget "Barracks OSX" */ = {
			isa = XCConfigurationList;
			buildConfigurations = (
				39090D101CBEA1A5006FA104 /* Debug */,
				39090D111CBEA1A5006FA104 /* Release */,
			);
			defaultConfigurationIsVisible = 0;
			defaultConfigurationName = Release;
		};
		3967297F1CC57D090099D71C /* Build configuration list for PBXNativeTarget "Barracks OSX Tests" */ = {
			isa = XCConfigurationList;
			buildConfigurations = (
				396729801CC57D090099D71C /* Debug */,
				396729811CC57D090099D71C /* Release */,
			);
			defaultConfigurationIsVisible = 0;
			defaultConfigurationName = Release;
		};
/* End XCConfigurationList section */
	};
	rootObject = 39090CD61CBEA12F006FA104 /* Project object */;
}
